// !$*UTF8*$!
{
	archiveVersion = 1;
	classes = {
	};
	objectVersion = 46;
	objects = {

/* Begin PBXBuildFile section */
		1805A3F61F58EF2F0054CB51 /* AppDelegate.swift in Sources */ = {isa = PBXBuildFile; fileRef = 1805A3F51F58EF2F0054CB51 /* AppDelegate.swift */; };
		1805A3F81F58EF2F0054CB51 /* ViewController.swift in Sources */ = {isa = PBXBuildFile; fileRef = 1805A3F71F58EF2F0054CB51 /* ViewController.swift */; };
		1805A3FB1F58EF2F0054CB51 /* Main.storyboard in Resources */ = {isa = PBXBuildFile; fileRef = 1805A3F91F58EF2F0054CB51 /* Main.storyboard */; };
		1805A3FD1F58EF2F0054CB51 /* Assets.xcassets in Resources */ = {isa = PBXBuildFile; fileRef = 1805A3FC1F58EF2F0054CB51 /* Assets.xcassets */; };
		1805A4001F58EF2F0054CB51 /* LaunchScreen.storyboard in Resources */ = {isa = PBXBuildFile; fileRef = 1805A3FE1F58EF2F0054CB51 /* LaunchScreen.storyboard */; };
		1805A40A1F58F1550054CB51 /* StateProtocol.swift in Sources */ = {isa = PBXBuildFile; fileRef = 1805A4091F58F1550054CB51 /* StateProtocol.swift */; };
		1805A40C1F58F1A60054CB51 /* PowerOnState.swift in Sources */ = {isa = PBXBuildFile; fileRef = 1805A40B1F58F1A60054CB51 /* PowerOnState.swift */; };
		1805A40E1F58F2770054CB51 /* PowerOffState.swift in Sources */ = {isa = PBXBuildFile; fileRef = 1805A40D1F58F2770054CB51 /* PowerOffState.swift */; };
		1805A4101F58F2F70054CB51 /* TVContorller.swift in Sources */ = {isa = PBXBuildFile; fileRef = 1805A40F1F58F2F70054CB51 /* TVContorller.swift */; };
		1805A4121F58F5DD0054CB51 /* UserStateProtocol.swift in Sources */ = {isa = PBXBuildFile; fileRef = 1805A4111F58F5DD0054CB51 /* UserStateProtocol.swift */; };
		1805A4141F58F65B0054CB51 /* LoginUesrState.swift in Sources */ = {isa = PBXBuildFile; fileRef = 1805A4131F58F65B0054CB51 /* LoginUesrState.swift */; };
		1805A4161F58F6AF0054CB51 /* LogoutUserState.swift in Sources */ = {isa = PBXBuildFile; fileRef = 1805A4151F58F6AF0054CB51 /* LogoutUserState.swift */; };
		1805A4181F58F84A0054CB51 /* LoginContext.swift in Sources */ = {isa = PBXBuildFile; fileRef = 1805A4171F58F8490054CB51 /* LoginContext.swift */; };
/* End PBXBuildFile section */

/* Begin PBXFileReference section */
		1805A3F21F58EF2F0054CB51 /* State.app */ = {isa = PBXFileReference; explicitFileType = wrapper.application; includeInIndex = 0; path = State.app; sourceTree = BUILT_PRODUCTS_DIR; };
		1805A3F51F58EF2F0054CB51 /* AppDelegate.swift */ = {isa = PBXFileReference; lastKnownFileType = sourcecode.swift; path = AppDelegate.swift; sourceTree = "<group>"; };
		1805A3F71F58EF2F0054CB51 /* ViewController.swift */ = {isa = PBXFileReference; lastKnownFileType = sourcecode.swift; path = ViewController.swift; sourceTree = "<group>"; };
		1805A3FA1F58EF2F0054CB51 /* Base */ = {isa = PBXFileReference; lastKnownFileType = file.storyboard; name = Base; path = Base.lproj/Main.storyboard; sourceTree = "<group>"; };
		1805A3FC1F58EF2F0054CB51 /* Assets.xcassets */ = {isa = PBXFileReference; lastKnownFileType = folder.assetcatalog; path = Assets.xcassets; sourceTree = "<group>"; };
		1805A3FF1F58EF2F0054CB51 /* Base */ = {isa = PBXFileReference; lastKnownFileType = file.storyboard; name = Base; path = Base.lproj/LaunchScreen.storyboard; sourceTree = "<group>"; };
		1805A4011F58EF2F0054CB51 /* Info.plist */ = {isa = PBXFileReference; lastKnownFileType = text.plist.xml; path = Info.plist; sourceTree = "<group>"; };
		1805A4091F58F1550054CB51 /* StateProtocol.swift */ = {isa = PBXFileReference; fileEncoding = 4; lastKnownFileType = sourcecode.swift; path = StateProtocol.swift; sourceTree = "<group>"; };
		1805A40B1F58F1A60054CB51 /* PowerOnState.swift */ = {isa = PBXFileReference; fileEncoding = 4; lastKnownFileType = sourcecode.swift; path = PowerOnState.swift; sourceTree = "<group>"; };
		1805A40D1F58F2770054CB51 /* PowerOffState.swift */ = {isa = PBXFileReference; fileEncoding = 4; lastKnownFileType = sourcecode.swift; path = PowerOffState.swift; sourceTree = "<group>"; };
		1805A40F1F58F2F70054CB51 /* TVContorller.swift */ = {isa = PBXFileReference; fileEncoding = 4; lastKnownFileType = sourcecode.swift; path = TVContorller.swift; sourceTree = "<group>"; };
		1805A4111F58F5DD0054CB51 /* UserStateProtocol.swift */ = {isa = PBXFileReference; fileEncoding = 4; lastKnownFileType = sourcecode.swift; path = UserStateProtocol.swift; sourceTree = "<group>"; };
		1805A4131F58F65B0054CB51 /* LoginUesrState.swift */ = {isa = PBXFileReference; fileEncoding = 4; lastKnownFileType = sourcecode.swift; path = LoginUesrState.swift; sourceTree = "<group>"; };
		1805A4151F58F6AF0054CB51 /* LogoutUserState.swift */ = {isa = PBXFileReference; fileEncoding = 4; lastKnownFileType = sourcecode.swift; path = LogoutUserState.swift; sourceTree = "<group>"; };
		1805A4171F58F8490054CB51 /* LoginContext.swift */ = {isa = PBXFileReference; fileEncoding = 4; lastKnownFileType = sourcecode.swift; path = LoginContext.swift; sourceTree = "<group>"; };
/* End PBXFileReference section */

/* Begin PBXFrameworksBuildPhase section */
		1805A3EF1F58EF2F0054CB51 /* Frameworks */ = {
			isa = PBXFrameworksBuildPhase;
			buildActionMask = 2147483647;
			files = (
			);
			runOnlyForDeploymentPostprocessing = 0;
		};
/* End PBXFrameworksBuildPhase section */

/* Begin PBXGroup section */
		1805A3E91F58EF2F0054CB51 = {
			isa = PBXGroup;
			children = (
				1805A3F41F58EF2F0054CB51 /* State */,
				1805A3F31F58EF2F0054CB51 /* Products */,
			);
			sourceTree = "<group>";
		};
		1805A3F31F58EF2F0054CB51 /* Products */ = {
			isa = PBXGroup;
			children = (
				1805A3F21F58EF2F0054CB51 /* State.app */,
			);
			name = Products;
			sourceTree = "<group>";
		};
		1805A3F41F58EF2F0054CB51 /* State */ = {
			isa = PBXGroup;
			children = (
				1805A4071F58EF7F0054CB51 /* Simple_1_原理案例 */,
				1805A4081F58EF7F0054CB51 /* Simple_2_加强案例 */,
				1805A3F51F58EF2F0054CB51 /* AppDelegate.swift */,
				1805A3F71F58EF2F0054CB51 /* ViewController.swift */,
				1805A3F91F58EF2F0054CB51 /* Main.storyboard */,
				1805A3FC1F58EF2F0054CB51 /* Assets.xcassets */,
				1805A3FE1F58EF2F0054CB51 /* LaunchScreen.storyboard */,
				1805A4011F58EF2F0054CB51 /* Info.plist */,
			);
			path = State;
			sourceTree = "<group>";
		};
		1805A4071F58EF7F0054CB51 /* Simple_1_原理案例 */ = {
			isa = PBXGroup;
			children = (
				1805A4091F58F1550054CB51 /* StateProtocol.swift */,
				1805A40B1F58F1A60054CB51 /* PowerOnState.swift */,
				1805A40D1F58F2770054CB51 /* PowerOffState.swift */,
				1805A40F1F58F2F70054CB51 /* TVContorller.swift */,
			);
			path = "Simple_1_原理案例";
			sourceTree = "<group>";
		};
		1805A4081F58EF7F0054CB51 /* Simple_2_加强案例 */ = {
			isa = PBXGroup;
			children = (
				1805A4111F58F5DD0054CB51 /* UserStateProtocol.swift */,
				1805A4131F58F65B0054CB51 /* LoginUesrState.swift */,
				1805A4151F58F6AF0054CB51 /* LogoutUserState.swift */,
				1805A4171F58F8490054CB51 /* LoginContext.swift */,
			);
			path = "Simple_2_加强案例";
			sourceTree = "<group>";
		};
/* End PBXGroup section */

/* Begin PBXNativeTarget section */
		1805A3F11F58EF2F0054CB51 /* State */ = {
			isa = PBXNativeTarget;
			buildConfigurationList = 1805A4041F58EF2F0054CB51 /* Build configuration list for PBXNativeTarget "State" */;
			buildPhases = (
				1805A3EE1F58EF2F0054CB51 /* Sources */,
				1805A3EF1F58EF2F0054CB51 /* Frameworks */,
				1805A3F01F58EF2F0054CB51 /* Resources */,
			);
			buildRules = (
			);
			dependencies = (
			);
			name = State;
			productName = State;
			productReference = 1805A3F21F58EF2F0054CB51 /* State.app */;
			productType = "com.apple.product-type.application";
		};
/* End PBXNativeTarget section */

/* Begin PBXProject section */
		1805A3EA1F58EF2F0054CB51 /* Project object */ = {
			isa = PBXProject;
			attributes = {
				LastSwiftUpdateCheck = 0830;
				LastUpgradeCheck = 0830;
				ORGANIZATIONNAME = apple;
				TargetAttributes = {
					1805A3F11F58EF2F0054CB51 = {
						CreatedOnToolsVersion = 8.3.1;
						ProvisioningStyle = Automatic;
					};
				};
			};
			buildConfigurationList = 1805A3ED1F58EF2F0054CB51 /* Build configuration list for PBXProject "State" */;
			compatibilityVersion = "Xcode 3.2";
			developmentRegion = English;
			hasScannedForEncodings = 0;
			knownRegions = (
				en,
				Base,
			);
			mainGroup = 1805A3E91F58EF2F0054CB51;
			productRefGroup = 1805A3F31F58EF2F0054CB51 /* Products */;
			projectDirPath = "";
			projectRoot = "";
			targets = (
				1805A3F11F58EF2F0054CB51 /* State */,
			);
		};
/* End PBXProject section */

/* Begin PBXResourcesBuildPhase section */
		1805A3F01F58EF2F0054CB51 /* Resources */ = {
			isa = PBXResourcesBuildPhase;
			buildActionMask = 2147483647;
			files = (
				1805A4001F58EF2F0054CB51 /* LaunchScreen.storyboard in Resources */,
				1805A3FD1F58EF2F0054CB51 /* Assets.xcassets in Resources */,
				1805A3FB1F58EF2F0054CB51 /* Main.storyboard in Resources */,
			);
			runOnlyForDeploymentPostprocessing = 0;
		};
/* End PBXResourcesBuildPhase section */

/* Begin PBXSourcesBuildPhase section */
		1805A3EE1F58EF2F0054CB51 /* Sources */ = {
			isa = PBXSourcesBuildPhase;
			buildActionMask = 2147483647;
			files = (
				1805A4141F58F65B0054CB51 /* LoginUesrState.swift in Sources */,
				1805A4121F58F5DD0054CB51 /* UserStateProtocol.swift in Sources */,
				1805A40C1F58F1A60054CB51 /* PowerOnState.swift in Sources */,
				1805A4181F58F84A0054CB51 /* LoginContext.swift in Sources */,
				1805A3F81F58EF2F0054CB51 /* ViewController.swift in Sources */,
				1805A40A1F58F1550054CB51 /* StateProtocol.swift in Sources */,
				1805A4161F58F6AF0054CB51 /* LogoutUserState.swift in Sources */,
				1805A40E1F58F2770054CB51 /* PowerOffState.swift in Sources */,
				1805A3F61F58EF2F0054CB51 /* AppDelegate.swift in Sources */,
				1805A4101F58F2F70054CB51 /* TVContorller.swift in Sources */,
			);
			runOnlyForDeploymentPostprocessing = 0;
		};
/* End PBXSourcesBuildPhase section */

/* Begin PBXVariantGroup section */
		1805A3F91F58EF2F0054CB51 /* Main.storyboard */ = {
			isa = PBXVariantGroup;
			children = (
				1805A3FA1F58EF2F0054CB51 /* Base */,
			);
			name = Main.storyboard;
			sourceTree = "<group>";
		};
		1805A3FE1F58EF2F0054CB51 /* LaunchScreen.storyboard */ = {
			isa = PBXVariantGroup;
			children = (
				1805A3FF1F58EF2F0054CB51 /* Base */,
			);
			name = LaunchScreen.storyboard;
			sourceTree = "<group>";
		};
/* End PBXVariantGroup section */

/* Begin XCBuildConfiguration section */
		1805A4021F58EF2F0054CB51 /* Debug */ = {
			isa = XCBuildConfiguration;
			buildSettings = {
				ALWAYS_SEARCH_USER_PATHS = NO;
				CLANG_ANALYZER_NONNULL = YES;
				CLANG_ANALYZER_NUMBER_OBJECT_CONVERSION = YES_AGGRESSIVE;
				CLANG_CXX_LANGUAGE_STANDARD = "gnu++0x";
				CLANG_CXX_LIBRARY = "libc++";
				CLANG_ENABLE_MODULES = YES;
				CLANG_ENABLE_OBJC_ARC = YES;
				CLANG_WARN_BOOL_CONVERSION = YES;
				CLANG_WARN_CONSTANT_CONVERSION = YES;
				CLANG_WARN_DIRECT_OBJC_ISA_USAGE = YES_ERROR;
				CLANG_WARN_DOCUMENTATION_COMMENTS = YES;
				CLANG_WARN_EMPTY_BODY = YES;
				CLANG_WARN_ENUM_CONVERSION = YES;
				CLANG_WARN_INFINITE_RECURSION = YES;
				CLANG_WARN_INT_CONVERSION = YES;
				CLANG_WARN_OBJC_ROOT_CLASS = YES_ERROR;
				CLANG_WARN_SUSPICIOUS_MOVE = YES;
				CLANG_WARN_UNREACHABLE_CODE = YES;
				CLANG_WARN__DUPLICATE_METHOD_MATCH = YES;
				"CODE_SIGN_IDENTITY[sdk=iphoneos*]" = "iPhone Developer";
				COPY_PHASE_STRIP = NO;
				DEBUG_INFORMATION_FORMAT = dwarf;
				ENABLE_STRICT_OBJC_MSGSEND = YES;
				ENABLE_TESTABILITY = YES;
				GCC_C_LANGUAGE_STANDARD = gnu99;
				GCC_DYNAMIC_NO_PIC = NO;
				GCC_NO_COMMON_BLOCKS = YES;
				GCC_OPTIMIZATION_LEVEL = 0;
				GCC_PREPROCESSOR_DEFINITIONS = (
					"DEBUG=1",
					"$(inherited)",
				);
				GCC_WARN_64_TO_32_BIT_CONVERSION = YES;
				GCC_WARN_ABOUT_RETURN_TYPE = YES_ERROR;
				GCC_WARN_UNDECLARED_SELECTOR = YES;
				GCC_WARN_UNINITIALIZED_AUTOS = YES_AGGRESSIVE;
				GCC_WARN_UNUSED_FUNCTION = YES;
				GCC_WARN_UNUSED_VARIABLE = YES;
				IPHONEOS_DEPLOYMENT_TARGET = 10.3;
				MTL_ENABLE_DEBUG_INFO = YES;
				ONLY_ACTIVE_ARCH = YES;
				SDKROOT = iphoneos;
				SWIFT_ACTIVE_COMPILATION_CONDITIONS = DEBUG;
				SWIFT_OPTIMIZATION_LEVEL = "-Onone";
				TARGETED_DEVICE_FAMILY = "1,2";
			};
			name = Debug;
		};
		1805A4031F58EF2F0054CB51 /* Release */ = {
			isa = XCBuildConfiguration;
			buildSettings = {
				ALWAYS_SEARCH_USER_PATHS = NO;
				CLANG_ANALYZER_NONNULL = YES;
				CLANG_ANALYZER_NUMBER_OBJECT_CONVERSION = YES_AGGRESSIVE;
				CLANG_CXX_LANGUAGE_STANDARD = "gnu++0x";
				CLANG_CXX_LIBRARY = "libc++";
				CLANG_ENABLE_MODULES = YES;
				CLANG_ENABLE_OBJC_ARC = YES;
				CLANG_WARN_BOOL_CONVERSION = YES;
				CLANG_WARN_CONSTANT_CONVERSION = YES;
				CLANG_WARN_DIRECT_OBJC_ISA_USAGE = YES_ERROR;
				CLANG_WARN_DOCUMENTATION_COMMENTS = YES;
				CLANG_WARN_EMPTY_BODY = YES;
				CLANG_WARN_ENUM_CONVERSION = YES;
				CLANG_WARN_INFINITE_RECURSION = YES;
				CLANG_WARN_INT_CONVERSION = YES;
				CLANG_WARN_OBJC_ROOT_CLASS = YES_ERROR;
				CLANG_WARN_SUSPICIOUS_MOVE = YES;
				CLANG_WARN_UNREACHABLE_CODE = YES;
				CLANG_WARN__DUPLICATE_METHOD_MATCH = YES;
				"CODE_SIGN_IDENTITY[sdk=iphoneos*]" = "iPhone Developer";
				COPY_PHASE_STRIP = NO;
				DEBUG_INFORMATION_FORMAT = "dwarf-with-dsym";
				ENABLE_NS_ASSERTIONS = NO;
				ENABLE_STRICT_OBJC_MSGSEND = YES;
				GCC_C_LANGUAGE_STANDARD = gnu99;
				GCC_NO_COMMON_BLOCKS = YES;
				GCC_WARN_64_TO_32_BIT_CONVERSION = YES;
				GCC_WARN_ABOUT_RETURN_TYPE = YES_ERROR;
				GCC_WARN_UNDECLARED_SELECTOR = YES;
				GCC_WARN_UNINITIALIZED_AUTOS = YES_AGGRESSIVE;
				GCC_WARN_UNUSED_FUNCTION = YES;
				GCC_WARN_UNUSED_VARIABLE = YES;
				IPHONEOS_DEPLOYMENT_TARGET = 10.3;
				MTL_ENABLE_DEBUG_INFO = NO;
				SDKROOT = iphoneos;
				SWIFT_OPTIMIZATION_LEVEL = "-Owholemodule";
				TARGETED_DEVICE_FAMILY = "1,2";
				VALIDATE_PRODUCT = YES;
			};
			name = Release;
		};
		1805A4051F58EF2F0054CB51 /* Debug */ = {
			isa = XCBuildConfiguration;
			buildSettings = {
				ASSETCATALOG_COMPILER_APPICON_NAME = AppIcon;
				INFOPLIST_FILE = State/Info.plist;
				LD_RUNPATH_SEARCH_PATHS = "$(inherited) @executable_path/Frameworks";
				PRODUCT_BUNDLE_IDENTIFIER = com.yingtao.State;
				PRODUCT_NAME = "$(TARGET_NAME)";
				SWIFT_VERSION = 3.0;
			};
			name = Debug;
		};
		1805A4061F58EF2F0054CB51 /* Release */ = {
			isa = XCBuildConfiguration;
			buildSettings = {
				ASSETCATALOG_COMPILER_APPICON_NAME = AppIcon;
				INFOPLIST_FILE = State/Info.plist;
				LD_RUNPATH_SEARCH_PATHS = "$(inherited) @executable_path/Frameworks";
				PRODUCT_BUNDLE_IDENTIFIER = com.yingtao.State;
				PRODUCT_NAME = "$(TARGET_NAME)";
				SWIFT_VERSION = 3.0;
			};
			name = Release;
		};
/* End XCBuildConfiguration section */

/* Begin XCConfigurationList section */
		1805A3ED1F58EF2F0054CB51 /* Build configuration list for PBXProject "State" */ = {
			isa = XCConfigurationList;
			buildConfigurations = (
				1805A4021F58EF2F0054CB51 /* Debug */,
				1805A4031F58EF2F0054CB51 /* Release */,
			);
			defaultConfigurationIsVisible = 0;
			defaultConfigurationName = Release;
		};
		1805A4041F58EF2F0054CB51 /* Build configuration list for PBXNativeTarget "State" */ = {
			isa = XCConfigurationList;
			buildConfigurations = (
				1805A4051F58EF2F0054CB51 /* Debug */,
				1805A4061F58EF2F0054CB51 /* Release */,
			);
			defaultConfigurationIsVisible = 0;
		};
/* End XCConfigurationList section */
	};
	rootObject = 1805A3EA1F58EF2F0054CB51 /* Project object */;
}
