// !$*UTF8*$!
{
	archiveVersion = 1;
	classes = {
	};
	objectVersion = 46;
	objects = {

/* Begin PBXBuildFile section */
		1806B7221F4D5D1C00E31CAC /* AppDelegate.swift in Sources */ = {isa = PBXBuildFile; fileRef = 1806B7211F4D5D1C00E31CAC /* AppDelegate.swift */; };
		1806B7241F4D5D1C00E31CAC /* ViewController.swift in Sources */ = {isa = PBXBuildFile; fileRef = 1806B7231F4D5D1C00E31CAC /* ViewController.swift */; };
		1806B7271F4D5D1C00E31CAC /* Main.storyboard in Resources */ = {isa = PBXBuildFile; fileRef = 1806B7251F4D5D1C00E31CAC /* Main.storyboard */; };
		1806B7291F4D5D1C00E31CAC /* Assets.xcassets in Resources */ = {isa = PBXBuildFile; fileRef = 1806B7281F4D5D1C00E31CAC /* Assets.xcassets */; };
		1806B72C1F4D5D1C00E31CAC /* LaunchScreen.storyboard in Resources */ = {isa = PBXBuildFile; fileRef = 1806B72A1F4D5D1C00E31CAC /* LaunchScreen.storyboard */; };
		1806B7351F4D60B100E31CAC /* Receiver.swift in Sources */ = {isa = PBXBuildFile; fileRef = 1806B7341F4D60B100E31CAC /* Receiver.swift */; };
		1806B7371F4D617100E31CAC /* CommandProtocol.swift in Sources */ = {isa = PBXBuildFile; fileRef = 1806B7361F4D617100E31CAC /* CommandProtocol.swift */; };
		1806B7391F4D61C000E31CAC /* ConcreteCommand.swift in Sources */ = {isa = PBXBuildFile; fileRef = 1806B7381F4D61C000E31CAC /* ConcreteCommand.swift */; };
		1806B73B1F4D629600E31CAC /* Invoker.swift in Sources */ = {isa = PBXBuildFile; fileRef = 1806B73A1F4D629600E31CAC /* Invoker.swift */; };
		1806B73E1F4D681D00E31CAC /* MacComputer.swift in Sources */ = {isa = PBXBuildFile; fileRef = 1806B73D1F4D681D00E31CAC /* MacComputer.swift */; };
		1806B7401F4D688B00E31CAC /* ComputerCommand.swift in Sources */ = {isa = PBXBuildFile; fileRef = 1806B73F1F4D688B00E31CAC /* ComputerCommand.swift */; };
		1806B7421F4D68DC00E31CAC /* MacStartupCommand.swift in Sources */ = {isa = PBXBuildFile; fileRef = 1806B7411F4D68DC00E31CAC /* MacStartupCommand.swift */; };
		1806B7441F4D698300E31CAC /* MacShutdownCommand.swift in Sources */ = {isa = PBXBuildFile; fileRef = 1806B7431F4D698300E31CAC /* MacShutdownCommand.swift */; };
		1806B7461F4D69C400E31CAC /* MacInvoker.swift in Sources */ = {isa = PBXBuildFile; fileRef = 1806B7451F4D69C400E31CAC /* MacInvoker.swift */; };
/* End PBXBuildFile section */

/* Begin PBXFileReference section */
		1806B71E1F4D5D1C00E31CAC /* Commed.app */ = {isa = PBXFileReference; explicitFileType = wrapper.application; includeInIndex = 0; path = Commed.app; sourceTree = BUILT_PRODUCTS_DIR; };
		1806B7211F4D5D1C00E31CAC /* AppDelegate.swift */ = {isa = PBXFileReference; lastKnownFileType = sourcecode.swift; path = AppDelegate.swift; sourceTree = "<group>"; };
		1806B7231F4D5D1C00E31CAC /* ViewController.swift */ = {isa = PBXFileReference; lastKnownFileType = sourcecode.swift; path = ViewController.swift; sourceTree = "<group>"; };
		1806B7261F4D5D1C00E31CAC /* Base */ = {isa = PBXFileReference; lastKnownFileType = file.storyboard; name = Base; path = Base.lproj/Main.storyboard; sourceTree = "<group>"; };
		1806B7281F4D5D1C00E31CAC /* Assets.xcassets */ = {isa = PBXFileReference; lastKnownFileType = folder.assetcatalog; path = Assets.xcassets; sourceTree = "<group>"; };
		1806B72B1F4D5D1C00E31CAC /* Base */ = {isa = PBXFileReference; lastKnownFileType = file.storyboard; name = Base; path = Base.lproj/LaunchScreen.storyboard; sourceTree = "<group>"; };
		1806B72D1F4D5D1C00E31CAC /* Info.plist */ = {isa = PBXFileReference; lastKnownFileType = text.plist.xml; path = Info.plist; sourceTree = "<group>"; };
		1806B7341F4D60B100E31CAC /* Receiver.swift */ = {isa = PBXFileReference; fileEncoding = 4; lastKnownFileType = sourcecode.swift; path = Receiver.swift; sourceTree = "<group>"; };
		1806B7361F4D617100E31CAC /* CommandProtocol.swift */ = {isa = PBXFileReference; fileEncoding = 4; lastKnownFileType = sourcecode.swift; path = CommandProtocol.swift; sourceTree = "<group>"; };
		1806B7381F4D61C000E31CAC /* ConcreteCommand.swift */ = {isa = PBXFileReference; fileEncoding = 4; lastKnownFileType = sourcecode.swift; path = ConcreteCommand.swift; sourceTree = "<group>"; };
		1806B73A1F4D629600E31CAC /* Invoker.swift */ = {isa = PBXFileReference; fileEncoding = 4; lastKnownFileType = sourcecode.swift; path = Invoker.swift; sourceTree = "<group>"; };
		1806B73D1F4D681D00E31CAC /* MacComputer.swift */ = {isa = PBXFileReference; fileEncoding = 4; lastKnownFileType = sourcecode.swift; path = MacComputer.swift; sourceTree = "<group>"; };
		1806B73F1F4D688B00E31CAC /* ComputerCommand.swift */ = {isa = PBXFileReference; fileEncoding = 4; lastKnownFileType = sourcecode.swift; path = ComputerCommand.swift; sourceTree = "<group>"; };
		1806B7411F4D68DC00E31CAC /* MacStartupCommand.swift */ = {isa = PBXFileReference; fileEncoding = 4; lastKnownFileType = sourcecode.swift; path = MacStartupCommand.swift; sourceTree = "<group>"; };
		1806B7431F4D698300E31CAC /* MacShutdownCommand.swift */ = {isa = PBXFileReference; fileEncoding = 4; lastKnownFileType = sourcecode.swift; path = MacShutdownCommand.swift; sourceTree = "<group>"; };
		1806B7451F4D69C400E31CAC /* MacInvoker.swift */ = {isa = PBXFileReference; fileEncoding = 4; lastKnownFileType = sourcecode.swift; path = MacInvoker.swift; sourceTree = "<group>"; };
/* End PBXFileReference section */

/* Begin PBXFrameworksBuildPhase section */
		1806B71B1F4D5D1C00E31CAC /* Frameworks */ = {
			isa = PBXFrameworksBuildPhase;
			buildActionMask = 2147483647;
			files = (
			);
			runOnlyForDeploymentPostprocessing = 0;
		};
/* End PBXFrameworksBuildPhase section */

/* Begin PBXGroup section */
		1806B7151F4D5D1C00E31CAC = {
			isa = PBXGroup;
			children = (
				1806B7201F4D5D1C00E31CAC /* Commed */,
				1806B71F1F4D5D1C00E31CAC /* Products */,
			);
			sourceTree = "<group>";
		};
		1806B71F1F4D5D1C00E31CAC /* Products */ = {
			isa = PBXGroup;
			children = (
				1806B71E1F4D5D1C00E31CAC /* Commed.app */,
			);
			name = Products;
			sourceTree = "<group>";
		};
		1806B7201F4D5D1C00E31CAC /* Commed */ = {
			isa = PBXGroup;
			children = (
				1806B73C1F4D67A700E31CAC /* Simple2 */,
				1806B7331F4D609700E31CAC /* Simple */,
				1806B7211F4D5D1C00E31CAC /* AppDelegate.swift */,
				1806B7231F4D5D1C00E31CAC /* ViewController.swift */,
				1806B7251F4D5D1C00E31CAC /* Main.storyboard */,
				1806B7281F4D5D1C00E31CAC /* Assets.xcassets */,
				1806B72A1F4D5D1C00E31CAC /* LaunchScreen.storyboard */,
				1806B72D1F4D5D1C00E31CAC /* Info.plist */,
			);
			path = Commed;
			sourceTree = "<group>";
		};
		1806B7331F4D609700E31CAC /* Simple */ = {
			isa = PBXGroup;
			children = (
				1806B7341F4D60B100E31CAC /* Receiver.swift */,
				1806B7361F4D617100E31CAC /* CommandProtocol.swift */,
				1806B7381F4D61C000E31CAC /* ConcreteCommand.swift */,
				1806B73A1F4D629600E31CAC /* Invoker.swift */,
			);
			path = Simple;
			sourceTree = "<group>";
		};
		1806B73C1F4D67A700E31CAC /* Simple2 */ = {
			isa = PBXGroup;
			children = (
				1806B73D1F4D681D00E31CAC /* MacComputer.swift */,
				1806B73F1F4D688B00E31CAC /* ComputerCommand.swift */,
				1806B7411F4D68DC00E31CAC /* MacStartupCommand.swift */,
				1806B7431F4D698300E31CAC /* MacShutdownCommand.swift */,
				1806B7451F4D69C400E31CAC /* MacInvoker.swift */,
			);
			path = Simple2;
			sourceTree = "<group>";
		};
/* End PBXGroup section */

/* Begin PBXNativeTarget section */
		1806B71D1F4D5D1C00E31CAC /* Commed */ = {
			isa = PBXNativeTarget;
			buildConfigurationList = 1806B7301F4D5D1C00E31CAC /* Build configuration list for PBXNativeTarget "Commed" */;
			buildPhases = (
				1806B71A1F4D5D1C00E31CAC /* Sources */,
				1806B71B1F4D5D1C00E31CAC /* Frameworks */,
				1806B71C1F4D5D1C00E31CAC /* Resources */,
			);
			buildRules = (
			);
			dependencies = (
			);
			name = Commed;
			productName = Commed;
			productReference = 1806B71E1F4D5D1C00E31CAC /* Commed.app */;
			productType = "com.apple.product-type.application";
		};
/* End PBXNativeTarget section */

/* Begin PBXProject section */
		1806B7161F4D5D1C00E31CAC /* Project object */ = {
			isa = PBXProject;
			attributes = {
				LastSwiftUpdateCheck = 0830;
				LastUpgradeCheck = 0830;
				ORGANIZATIONNAME = apple;
				TargetAttributes = {
					1806B71D1F4D5D1C00E31CAC = {
						CreatedOnToolsVersion = 8.3.1;
						ProvisioningStyle = Automatic;
					};
				};
			};
			buildConfigurationList = 1806B7191F4D5D1C00E31CAC /* Build configuration list for PBXProject "Commed" */;
			compatibilityVersion = "Xcode 3.2";
			developmentRegion = English;
			hasScannedForEncodings = 0;
			knownRegions = (
				en,
				Base,
			);
			mainGroup = 1806B7151F4D5D1C00E31CAC;
			productRefGroup = 1806B71F1F4D5D1C00E31CAC /* Products */;
			projectDirPath = "";
			projectRoot = "";
			targets = (
				1806B71D1F4D5D1C00E31CAC /* Commed */,
			);
		};
/* End PBXProject section */

/* Begin PBXResourcesBuildPhase section */
		1806B71C1F4D5D1C00E31CAC /* Resources */ = {
			isa = PBXResourcesBuildPhase;
			buildActionMask = 2147483647;
			files = (
				1806B72C1F4D5D1C00E31CAC /* LaunchScreen.storyboard in Resources */,
				1806B7291F4D5D1C00E31CAC /* Assets.xcassets in Resources */,
				1806B7271F4D5D1C00E31CAC /* Main.storyboard in Resources */,
			);
			runOnlyForDeploymentPostprocessing = 0;
		};
/* End PBXResourcesBuildPhase section */

/* Begin PBXSourcesBuildPhase section */
		1806B71A1F4D5D1C00E31CAC /* Sources */ = {
			isa = PBXSourcesBuildPhase;
			buildActionMask = 2147483647;
			files = (
				1806B73E1F4D681D00E31CAC /* MacComputer.swift in Sources */,
				1806B7421F4D68DC00E31CAC /* MacStartupCommand.swift in Sources */,
				1806B7351F4D60B100E31CAC /* Receiver.swift in Sources */,
				1806B7441F4D698300E31CAC /* MacShutdownCommand.swift in Sources */,
				1806B7371F4D617100E31CAC /* CommandProtocol.swift in Sources */,
				1806B73B1F4D629600E31CAC /* Invoker.swift in Sources */,
				1806B7391F4D61C000E31CAC /* ConcreteCommand.swift in Sources */,
				1806B7241F4D5D1C00E31CAC /* ViewController.swift in Sources */,
				1806B7401F4D688B00E31CAC /* ComputerCommand.swift in Sources */,
				1806B7221F4D5D1C00E31CAC /* AppDelegate.swift in Sources */,
				1806B7461F4D69C400E31CAC /* MacInvoker.swift in Sources */,
			);
			runOnlyForDeploymentPostprocessing = 0;
		};
/* End PBXSourcesBuildPhase section */

/* Begin PBXVariantGroup section */
		1806B7251F4D5D1C00E31CAC /* Main.storyboard */ = {
			isa = PBXVariantGroup;
			children = (
				1806B7261F4D5D1C00E31CAC /* Base */,
			);
			name = Main.storyboard;
			sourceTree = "<group>";
		};
		1806B72A1F4D5D1C00E31CAC /* LaunchScreen.storyboard */ = {
			isa = PBXVariantGroup;
			children = (
				1806B72B1F4D5D1C00E31CAC /* Base */,
			);
			name = LaunchScreen.storyboard;
			sourceTree = "<group>";
		};
/* End PBXVariantGroup section */

/* Begin XCBuildConfiguration section */
		1806B72E1F4D5D1C00E31CAC /* Debug */ = {
			isa = XCBuildConfiguration;
			buildSettings = {
				ALWAYS_SEARCH_USER_PATHS = NO;
				CLANG_ANALYZER_NONNULL = YES;
				CLANG_ANALYZER_NUMBER_OBJECT_CONVERSION = YES_AGGRESSIVE;
				CLANG_CXX_LANGUAGE_STANDARD = "gnu++0x";
				CLANG_CXX_LIBRARY = "libc++";
				CLANG_ENABLE_MODULES = YES;
				CLANG_ENABLE_OBJC_ARC = YES;
				CLANG_WARN_BOOL_CONVERSION = YES;
				CLANG_WARN_CONSTANT_CONVERSION = YES;
				CLANG_WARN_DIRECT_OBJC_ISA_USAGE = YES_ERROR;
				CLANG_WARN_DOCUMENTATION_COMMENTS = YES;
				CLANG_WARN_EMPTY_BODY = YES;
				CLANG_WARN_ENUM_CONVERSION = YES;
				CLANG_WARN_INFINITE_RECURSION = YES;
				CLANG_WARN_INT_CONVERSION = YES;
				CLANG_WARN_OBJC_ROOT_CLASS = YES_ERROR;
				CLANG_WARN_SUSPICIOUS_MOVE = YES;
				CLANG_WARN_UNREACHABLE_CODE = YES;
				CLANG_WARN__DUPLICATE_METHOD_MATCH = YES;
				"CODE_SIGN_IDENTITY[sdk=iphoneos*]" = "iPhone Developer";
				COPY_PHASE_STRIP = NO;
				DEBUG_INFORMATION_FORMAT = dwarf;
				ENABLE_STRICT_OBJC_MSGSEND = YES;
				ENABLE_TESTABILITY = YES;
				GCC_C_LANGUAGE_STANDARD = gnu99;
				GCC_DYNAMIC_NO_PIC = NO;
				GCC_NO_COMMON_BLOCKS = YES;
				GCC_OPTIMIZATION_LEVEL = 0;
				GCC_PREPROCESSOR_DEFINITIONS = (
					"DEBUG=1",
					"$(inherited)",
				);
				GCC_WARN_64_TO_32_BIT_CONVERSION = YES;
				GCC_WARN_ABOUT_RETURN_TYPE = YES_ERROR;
				GCC_WARN_UNDECLARED_SELECTOR = YES;
				GCC_WARN_UNINITIALIZED_AUTOS = YES_AGGRESSIVE;
				GCC_WARN_UNUSED_FUNCTION = YES;
				GCC_WARN_UNUSED_VARIABLE = YES;
				IPHONEOS_DEPLOYMENT_TARGET = 10.3;
				MTL_ENABLE_DEBUG_INFO = YES;
				ONLY_ACTIVE_ARCH = YES;
				SDKROOT = iphoneos;
				SWIFT_ACTIVE_COMPILATION_CONDITIONS = DEBUG;
				SWIFT_OPTIMIZATION_LEVEL = "-Onone";
				TARGETED_DEVICE_FAMILY = "1,2";
			};
			name = Debug;
		};
		1806B72F1F4D5D1C00E31CAC /* Release */ = {
			isa = XCBuildConfiguration;
			buildSettings = {
				ALWAYS_SEARCH_USER_PATHS = NO;
				CLANG_ANALYZER_NONNULL = YES;
				CLANG_ANALYZER_NUMBER_OBJECT_CONVERSION = YES_AGGRESSIVE;
				CLANG_CXX_LANGUAGE_STANDARD = "gnu++0x";
				CLANG_CXX_LIBRARY = "libc++";
				CLANG_ENABLE_MODULES = YES;
				CLANG_ENABLE_OBJC_ARC = YES;
				CLANG_WARN_BOOL_CONVERSION = YES;
				CLANG_WARN_CONSTANT_CONVERSION = YES;
				CLANG_WARN_DIRECT_OBJC_ISA_USAGE = YES_ERROR;
				CLANG_WARN_DOCUMENTATION_COMMENTS = YES;
				CLANG_WARN_EMPTY_BODY = YES;
				CLANG_WARN_ENUM_CONVERSION = YES;
				CLANG_WARN_INFINITE_RECURSION = YES;
				CLANG_WARN_INT_CONVERSION = YES;
				CLANG_WARN_OBJC_ROOT_CLASS = YES_ERROR;
				CLANG_WARN_SUSPICIOUS_MOVE = YES;
				CLANG_WARN_UNREACHABLE_CODE = YES;
				CLANG_WARN__DUPLICATE_METHOD_MATCH = YES;
				"CODE_SIGN_IDENTITY[sdk=iphoneos*]" = "iPhone Developer";
				COPY_PHASE_STRIP = NO;
				DEBUG_INFORMATION_FORMAT = "dwarf-with-dsym";
				ENABLE_NS_ASSERTIONS = NO;
				ENABLE_STRICT_OBJC_MSGSEND = YES;
				GCC_C_LANGUAGE_STANDARD = gnu99;
				GCC_NO_COMMON_BLOCKS = YES;
				GCC_WARN_64_TO_32_BIT_CONVERSION = YES;
				GCC_WARN_ABOUT_RETURN_TYPE = YES_ERROR;
				GCC_WARN_UNDECLARED_SELECTOR = YES;
				GCC_WARN_UNINITIALIZED_AUTOS = YES_AGGRESSIVE;
				GCC_WARN_UNUSED_FUNCTION = YES;
				GCC_WARN_UNUSED_VARIABLE = YES;
				IPHONEOS_DEPLOYMENT_TARGET = 10.3;
				MTL_ENABLE_DEBUG_INFO = NO;
				SDKROOT = iphoneos;
				SWIFT_OPTIMIZATION_LEVEL = "-Owholemodule";
				TARGETED_DEVICE_FAMILY = "1,2";
				VALIDATE_PRODUCT = YES;
			};
			name = Release;
		};
		1806B7311F4D5D1C00E31CAC /* Debug */ = {
			isa = XCBuildConfiguration;
			buildSettings = {
				ASSETCATALOG_COMPILER_APPICON_NAME = AppIcon;
				INFOPLIST_FILE = Commed/Info.plist;
				LD_RUNPATH_SEARCH_PATHS = "$(inherited) @executable_path/Frameworks";
				PRODUCT_BUNDLE_IDENTIFIER = com.yingtao.Commed;
				PRODUCT_NAME = "$(TARGET_NAME)";
				SWIFT_VERSION = 3.0;
			};
			name = Debug;
		};
		1806B7321F4D5D1C00E31CAC /* Release */ = {
			isa = XCBuildConfiguration;
			buildSettings = {
				ASSETCATALOG_COMPILER_APPICON_NAME = AppIcon;
				INFOPLIST_FILE = Commed/Info.plist;
				LD_RUNPATH_SEARCH_PATHS = "$(inherited) @executable_path/Frameworks";
				PRODUCT_BUNDLE_IDENTIFIER = com.yingtao.Commed;
				PRODUCT_NAME = "$(TARGET_NAME)";
				SWIFT_VERSION = 3.0;
			};
			name = Release;
		};
/* End XCBuildConfiguration section */

/* Begin XCConfigurationList section */
		1806B7191F4D5D1C00E31CAC /* Build configuration list for PBXProject "Commed" */ = {
			isa = XCConfigurationList;
			buildConfigurations = (
				1806B72E1F4D5D1C00E31CAC /* Debug */,
				1806B72F1F4D5D1C00E31CAC /* Release */,
			);
			defaultConfigurationIsVisible = 0;
			defaultConfigurationName = Release;
		};
		1806B7301F4D5D1C00E31CAC /* Build configuration list for PBXNativeTarget "Commed" */ = {
			isa = XCConfigurationList;
			buildConfigurations = (
				1806B7311F4D5D1C00E31CAC /* Debug */,
				1806B7321F4D5D1C00E31CAC /* Release */,
			);
			defaultConfigurationIsVisible = 0;
		};
/* End XCConfigurationList section */
	};
	rootObject = 1806B7161F4D5D1C00E31CAC /* Project object */;
}
