// !$*UTF8*$!
{
	archiveVersion = 1;
	classes = {
	};
	objectVersion = 46;
	objects = {

/* Begin PBXBuildFile section */
		189D6EA31F4E68080038FF32 /* AppDelegate.swift in Sources */ = {isa = PBXBuildFile; fileRef = 189D6EA21F4E68080038FF32 /* AppDelegate.swift */; };
		189D6EA51F4E68080038FF32 /* ViewController.swift in Sources */ = {isa = PBXBuildFile; fileRef = 189D6EA41F4E68080038FF32 /* ViewController.swift */; };
		189D6EA81F4E68080038FF32 /* Main.storyboard in Resources */ = {isa = PBXBuildFile; fileRef = 189D6EA61F4E68080038FF32 /* Main.storyboard */; };
		189D6EAA1F4E68080038FF32 /* Assets.xcassets in Resources */ = {isa = PBXBuildFile; fileRef = 189D6EA91F4E68080038FF32 /* Assets.xcassets */; };
		189D6EAD1F4E68080038FF32 /* LaunchScreen.storyboard in Resources */ = {isa = PBXBuildFile; fileRef = 189D6EAB1F4E68080038FF32 /* LaunchScreen.storyboard */; };
		189D6EBB1F4E693B0038FF32 /* UserModel.swift in Sources */ = {isa = PBXBuildFile; fileRef = 189D6EBA1F4E693B0038FF32 /* UserModel.swift */; };
		189D6EBD1F4E69530038FF32 /* CloneProtocol.swift in Sources */ = {isa = PBXBuildFile; fileRef = 189D6EBC1F4E69530038FF32 /* CloneProtocol.swift */; };
		189D6EBF1F4E6A260038FF32 /* StudentModel.swift in Sources */ = {isa = PBXBuildFile; fileRef = 189D6EBE1F4E6A260038FF32 /* StudentModel.swift */; };
		189D6EC11F4E6A350038FF32 /* TeacherModel.swift in Sources */ = {isa = PBXBuildFile; fileRef = 189D6EC01F4E6A350038FF32 /* TeacherModel.swift */; };
		189D6EC31F4E6B1A0038FF32 /* TeacherModel_3.swift in Sources */ = {isa = PBXBuildFile; fileRef = 189D6EC21F4E6B1A0038FF32 /* TeacherModel_3.swift */; };
		189D6EC51F4E6C150038FF32 /* StudentModel_3.swift in Sources */ = {isa = PBXBuildFile; fileRef = 189D6EC41F4E6C150038FF32 /* StudentModel_3.swift */; };
		189D6EC71F4E6D560038FF32 /* StudentModel_4.swift in Sources */ = {isa = PBXBuildFile; fileRef = 189D6EC61F4E6D560038FF32 /* StudentModel_4.swift */; };
		189D6EC91F4E6E000038FF32 /* TeacherModel_4.swift in Sources */ = {isa = PBXBuildFile; fileRef = 189D6EC81F4E6E000038FF32 /* TeacherModel_4.swift */; };
		189D6ED11F4E74820038FF32 /* Order.swift in Sources */ = {isa = PBXBuildFile; fileRef = 189D6ED01F4E74820038FF32 /* Order.swift */; };
		189D6ED31F4E74B90038FF32 /* OrderService.swift in Sources */ = {isa = PBXBuildFile; fileRef = 189D6ED21F4E74B90038FF32 /* OrderService.swift */; };
		189D6ED51F4E75860038FF32 /* OrderServer_2.swift in Sources */ = {isa = PBXBuildFile; fileRef = 189D6ED41F4E75860038FF32 /* OrderServer_2.swift */; };
		189D6ED71F4E75C50038FF32 /* PayOrder.swift in Sources */ = {isa = PBXBuildFile; fileRef = 189D6ED61F4E75C50038FF32 /* PayOrder.swift */; };
		189D6ED91F4E75E30038FF32 /* OrderServer_3.swift in Sources */ = {isa = PBXBuildFile; fileRef = 189D6ED81F4E75E30038FF32 /* OrderServer_3.swift */; };
		189D6EDB1F4E78FD0038FF32 /* Order_4.swift in Sources */ = {isa = PBXBuildFile; fileRef = 189D6EDA1F4E78FD0038FF32 /* Order_4.swift */; };
		189D6EDD1F4E79410038FF32 /* PayOrder_4.swift in Sources */ = {isa = PBXBuildFile; fileRef = 189D6EDC1F4E79410038FF32 /* PayOrder_4.swift */; };
		189D6EDF1F4E79D20038FF32 /* OrderServer_4.swift in Sources */ = {isa = PBXBuildFile; fileRef = 189D6EDE1F4E79D20038FF32 /* OrderServer_4.swift */; };
		189D6EE11F4E7B180038FF32 /* OrderServer_5.swift in Sources */ = {isa = PBXBuildFile; fileRef = 189D6EE01F4E7B180038FF32 /* OrderServer_5.swift */; };
		189D6EE31F4E7B290038FF32 /* TmailOrder.swift in Sources */ = {isa = PBXBuildFile; fileRef = 189D6EE21F4E7B290038FF32 /* TmailOrder.swift */; };
/* End PBXBuildFile section */

/* Begin PBXFileReference section */
		189D6E9F1F4E68080038FF32 /* Clone.app */ = {isa = PBXFileReference; explicitFileType = wrapper.application; includeInIndex = 0; path = Clone.app; sourceTree = BUILT_PRODUCTS_DIR; };
		189D6EA21F4E68080038FF32 /* AppDelegate.swift */ = {isa = PBXFileReference; lastKnownFileType = sourcecode.swift; path = AppDelegate.swift; sourceTree = "<group>"; };
		189D6EA41F4E68080038FF32 /* ViewController.swift */ = {isa = PBXFileReference; lastKnownFileType = sourcecode.swift; path = ViewController.swift; sourceTree = "<group>"; };
		189D6EA71F4E68080038FF32 /* Base */ = {isa = PBXFileReference; lastKnownFileType = file.storyboard; name = Base; path = Base.lproj/Main.storyboard; sourceTree = "<group>"; };
		189D6EA91F4E68080038FF32 /* Assets.xcassets */ = {isa = PBXFileReference; lastKnownFileType = folder.assetcatalog; path = Assets.xcassets; sourceTree = "<group>"; };
		189D6EAC1F4E68080038FF32 /* Base */ = {isa = PBXFileReference; lastKnownFileType = file.storyboard; name = Base; path = Base.lproj/LaunchScreen.storyboard; sourceTree = "<group>"; };
		189D6EAE1F4E68080038FF32 /* Info.plist */ = {isa = PBXFileReference; lastKnownFileType = text.plist.xml; path = Info.plist; sourceTree = "<group>"; };
		189D6EBA1F4E693B0038FF32 /* UserModel.swift */ = {isa = PBXFileReference; fileEncoding = 4; lastKnownFileType = sourcecode.swift; path = UserModel.swift; sourceTree = "<group>"; };
		189D6EBC1F4E69530038FF32 /* CloneProtocol.swift */ = {isa = PBXFileReference; fileEncoding = 4; lastKnownFileType = sourcecode.swift; path = CloneProtocol.swift; sourceTree = "<group>"; };
		189D6EBE1F4E6A260038FF32 /* StudentModel.swift */ = {isa = PBXFileReference; fileEncoding = 4; lastKnownFileType = sourcecode.swift; path = StudentModel.swift; sourceTree = "<group>"; };
		189D6EC01F4E6A350038FF32 /* TeacherModel.swift */ = {isa = PBXFileReference; fileEncoding = 4; lastKnownFileType = sourcecode.swift; path = TeacherModel.swift; sourceTree = "<group>"; };
		189D6EC21F4E6B1A0038FF32 /* TeacherModel_3.swift */ = {isa = PBXFileReference; fileEncoding = 4; lastKnownFileType = sourcecode.swift; path = TeacherModel_3.swift; sourceTree = "<group>"; };
		189D6EC41F4E6C150038FF32 /* StudentModel_3.swift */ = {isa = PBXFileReference; fileEncoding = 4; lastKnownFileType = sourcecode.swift; path = StudentModel_3.swift; sourceTree = "<group>"; };
		189D6EC61F4E6D560038FF32 /* StudentModel_4.swift */ = {isa = PBXFileReference; fileEncoding = 4; lastKnownFileType = sourcecode.swift; path = StudentModel_4.swift; sourceTree = "<group>"; };
		189D6EC81F4E6E000038FF32 /* TeacherModel_4.swift */ = {isa = PBXFileReference; fileEncoding = 4; lastKnownFileType = sourcecode.swift; path = TeacherModel_4.swift; sourceTree = "<group>"; };
		189D6ED01F4E74820038FF32 /* Order.swift */ = {isa = PBXFileReference; fileEncoding = 4; lastKnownFileType = sourcecode.swift; path = Order.swift; sourceTree = "<group>"; };
		189D6ED21F4E74B90038FF32 /* OrderService.swift */ = {isa = PBXFileReference; fileEncoding = 4; lastKnownFileType = sourcecode.swift; path = OrderService.swift; sourceTree = "<group>"; };
		189D6ED41F4E75860038FF32 /* OrderServer_2.swift */ = {isa = PBXFileReference; fileEncoding = 4; lastKnownFileType = sourcecode.swift; path = OrderServer_2.swift; sourceTree = "<group>"; };
		189D6ED61F4E75C50038FF32 /* PayOrder.swift */ = {isa = PBXFileReference; fileEncoding = 4; lastKnownFileType = sourcecode.swift; path = PayOrder.swift; sourceTree = "<group>"; };
		189D6ED81F4E75E30038FF32 /* OrderServer_3.swift */ = {isa = PBXFileReference; fileEncoding = 4; lastKnownFileType = sourcecode.swift; path = OrderServer_3.swift; sourceTree = "<group>"; };
		189D6EDA1F4E78FD0038FF32 /* Order_4.swift */ = {isa = PBXFileReference; fileEncoding = 4; lastKnownFileType = sourcecode.swift; path = Order_4.swift; sourceTree = "<group>"; };
		189D6EDC1F4E79410038FF32 /* PayOrder_4.swift */ = {isa = PBXFileReference; fileEncoding = 4; lastKnownFileType = sourcecode.swift; path = PayOrder_4.swift; sourceTree = "<group>"; };
		189D6EDE1F4E79D20038FF32 /* OrderServer_4.swift */ = {isa = PBXFileReference; fileEncoding = 4; lastKnownFileType = sourcecode.swift; path = OrderServer_4.swift; sourceTree = "<group>"; };
		189D6EE01F4E7B180038FF32 /* OrderServer_5.swift */ = {isa = PBXFileReference; fileEncoding = 4; lastKnownFileType = sourcecode.swift; path = OrderServer_5.swift; sourceTree = "<group>"; };
		189D6EE21F4E7B290038FF32 /* TmailOrder.swift */ = {isa = PBXFileReference; fileEncoding = 4; lastKnownFileType = sourcecode.swift; path = TmailOrder.swift; sourceTree = "<group>"; };
/* End PBXFileReference section */

/* Begin PBXFrameworksBuildPhase section */
		189D6E9C1F4E68080038FF32 /* Frameworks */ = {
			isa = PBXFrameworksBuildPhase;
			buildActionMask = 2147483647;
			files = (
			);
			runOnlyForDeploymentPostprocessing = 0;
		};
/* End PBXFrameworksBuildPhase section */

/* Begin PBXGroup section */
		189D6E961F4E68080038FF32 = {
			isa = PBXGroup;
			children = (
				189D6EA11F4E68080038FF32 /* Clone */,
				189D6EA01F4E68080038FF32 /* Products */,
			);
			sourceTree = "<group>";
		};
		189D6EA01F4E68080038FF32 /* Products */ = {
			isa = PBXGroup;
			children = (
				189D6E9F1F4E68080038FF32 /* Clone.app */,
			);
			name = Products;
			sourceTree = "<group>";
		};
		189D6EA11F4E68080038FF32 /* Clone */ = {
			isa = PBXGroup;
			children = (
				189D6EB41F4E68F60038FF32 /* Simple1_原理案例 */,
				189D6EB91F4E68F60038FF32 /* Simple2_加强案例 */,
				189D6EA21F4E68080038FF32 /* AppDelegate.swift */,
				189D6EA41F4E68080038FF32 /* ViewController.swift */,
				189D6EA61F4E68080038FF32 /* Main.storyboard */,
				189D6EA91F4E68080038FF32 /* Assets.xcassets */,
				189D6EAB1F4E68080038FF32 /* LaunchScreen.storyboard */,
				189D6EAE1F4E68080038FF32 /* Info.plist */,
			);
			path = Clone;
			sourceTree = "<group>";
		};
		189D6EB41F4E68F60038FF32 /* Simple1_原理案例 */ = {
			isa = PBXGroup;
			children = (
				189D6EB51F4E68F60038FF32 /* Simple1 */,
				189D6EB61F4E68F60038FF32 /* Simple2 */,
				189D6EB71F4E68F60038FF32 /* Simple3 */,
				189D6EB81F4E68F60038FF32 /* Simple4 */,
			);
			path = "Simple1_原理案例";
			sourceTree = "<group>";
		};
		189D6EB51F4E68F60038FF32 /* Simple1 */ = {
			isa = PBXGroup;
			children = (
				189D6EBA1F4E693B0038FF32 /* UserModel.swift */,
				189D6EBC1F4E69530038FF32 /* CloneProtocol.swift */,
			);
			path = Simple1;
			sourceTree = "<group>";
		};
		189D6EB61F4E68F60038FF32 /* Simple2 */ = {
			isa = PBXGroup;
			children = (
				189D6EBE1F4E6A260038FF32 /* StudentModel.swift */,
				189D6EC01F4E6A350038FF32 /* TeacherModel.swift */,
			);
			path = Simple2;
			sourceTree = "<group>";
		};
		189D6EB71F4E68F60038FF32 /* Simple3 */ = {
			isa = PBXGroup;
			children = (
				189D6EC21F4E6B1A0038FF32 /* TeacherModel_3.swift */,
				189D6EC41F4E6C150038FF32 /* StudentModel_3.swift */,
			);
			path = Simple3;
			sourceTree = "<group>";
		};
		189D6EB81F4E68F60038FF32 /* Simple4 */ = {
			isa = PBXGroup;
			children = (
				189D6EC61F4E6D560038FF32 /* StudentModel_4.swift */,
				189D6EC81F4E6E000038FF32 /* TeacherModel_4.swift */,
			);
			path = Simple4;
			sourceTree = "<group>";
		};
		189D6EB91F4E68F60038FF32 /* Simple2_加强案例 */ = {
			isa = PBXGroup;
			children = (
				189D6ECA1F4E74740038FF32 /* Simple_1_原始案例 */,
				189D6ECB1F4E74740038FF32 /* Simple_2_普通代码 */,
				189D6ECC1F4E74740038FF32 /* Simple_3_发现问题 */,
				189D6ECD1F4E74740038FF32 /* Simple_4_原型模式 */,
				189D6ECE1F4E74740038FF32 /* Simple_5_依赖协议 */,
				189D6ECF1F4E74740038FF32 /* Simple_6_泛型设计 */,
			);
			path = "Simple2_加强案例";
			sourceTree = "<group>";
		};
		189D6ECA1F4E74740038FF32 /* Simple_1_原始案例 */ = {
			isa = PBXGroup;
			children = (
				189D6ED01F4E74820038FF32 /* Order.swift */,
				189D6ED21F4E74B90038FF32 /* OrderService.swift */,
			);
			path = "Simple_1_原始案例";
			sourceTree = "<group>";
		};
		189D6ECB1F4E74740038FF32 /* Simple_2_普通代码 */ = {
			isa = PBXGroup;
			children = (
				189D6ED41F4E75860038FF32 /* OrderServer_2.swift */,
			);
			path = "Simple_2_普通代码";
			sourceTree = "<group>";
		};
		189D6ECC1F4E74740038FF32 /* Simple_3_发现问题 */ = {
			isa = PBXGroup;
			children = (
				189D6ED61F4E75C50038FF32 /* PayOrder.swift */,
				189D6ED81F4E75E30038FF32 /* OrderServer_3.swift */,
			);
			path = "Simple_3_发现问题";
			sourceTree = "<group>";
		};
		189D6ECD1F4E74740038FF32 /* Simple_4_原型模式 */ = {
			isa = PBXGroup;
			children = (
				189D6EDA1F4E78FD0038FF32 /* Order_4.swift */,
				189D6EDC1F4E79410038FF32 /* PayOrder_4.swift */,
				189D6EDE1F4E79D20038FF32 /* OrderServer_4.swift */,
				189D6EE21F4E7B290038FF32 /* TmailOrder.swift */,
			);
			path = "Simple_4_原型模式";
			sourceTree = "<group>";
		};
		189D6ECE1F4E74740038FF32 /* Simple_5_依赖协议 */ = {
			isa = PBXGroup;
			children = (
				189D6EE01F4E7B180038FF32 /* OrderServer_5.swift */,
			);
			path = "Simple_5_依赖协议";
			sourceTree = "<group>";
		};
		189D6ECF1F4E74740038FF32 /* Simple_6_泛型设计 */ = {
			isa = PBXGroup;
			children = (
			);
			path = "Simple_6_泛型设计";
			sourceTree = "<group>";
		};
/* End PBXGroup section */

/* Begin PBXNativeTarget section */
		189D6E9E1F4E68080038FF32 /* Clone */ = {
			isa = PBXNativeTarget;
			buildConfigurationList = 189D6EB11F4E68080038FF32 /* Build configuration list for PBXNativeTarget "Clone" */;
			buildPhases = (
				189D6E9B1F4E68080038FF32 /* Sources */,
				189D6E9C1F4E68080038FF32 /* Frameworks */,
				189D6E9D1F4E68080038FF32 /* Resources */,
			);
			buildRules = (
			);
			dependencies = (
			);
			name = Clone;
			productName = Clone;
			productReference = 189D6E9F1F4E68080038FF32 /* Clone.app */;
			productType = "com.apple.product-type.application";
		};
/* End PBXNativeTarget section */

/* Begin PBXProject section */
		189D6E971F4E68080038FF32 /* Project object */ = {
			isa = PBXProject;
			attributes = {
				LastSwiftUpdateCheck = 0830;
				LastUpgradeCheck = 0830;
				ORGANIZATIONNAME = apple;
				TargetAttributes = {
					189D6E9E1F4E68080038FF32 = {
						CreatedOnToolsVersion = 8.3.1;
						ProvisioningStyle = Automatic;
					};
				};
			};
			buildConfigurationList = 189D6E9A1F4E68080038FF32 /* Build configuration list for PBXProject "Clone" */;
			compatibilityVersion = "Xcode 3.2";
			developmentRegion = English;
			hasScannedForEncodings = 0;
			knownRegions = (
				en,
				Base,
			);
			mainGroup = 189D6E961F4E68080038FF32;
			productRefGroup = 189D6EA01F4E68080038FF32 /* Products */;
			projectDirPath = "";
			projectRoot = "";
			targets = (
				189D6E9E1F4E68080038FF32 /* Clone */,
			);
		};
/* End PBXProject section */

/* Begin PBXResourcesBuildPhase section */
		189D6E9D1F4E68080038FF32 /* Resources */ = {
			isa = PBXResourcesBuildPhase;
			buildActionMask = 2147483647;
			files = (
				189D6EAD1F4E68080038FF32 /* LaunchScreen.storyboard in Resources */,
				189D6EAA1F4E68080038FF32 /* Assets.xcassets in Resources */,
				189D6EA81F4E68080038FF32 /* Main.storyboard in Resources */,
			);
			runOnlyForDeploymentPostprocessing = 0;
		};
/* End PBXResourcesBuildPhase section */

/* Begin PBXSourcesBuildPhase section */
		189D6E9B1F4E68080038FF32 /* Sources */ = {
			isa = PBXSourcesBuildPhase;
			buildActionMask = 2147483647;
			files = (
				189D6ED51F4E75860038FF32 /* OrderServer_2.swift in Sources */,
				189D6EC11F4E6A350038FF32 /* TeacherModel.swift in Sources */,
				189D6EC51F4E6C150038FF32 /* StudentModel_3.swift in Sources */,
				189D6EE11F4E7B180038FF32 /* OrderServer_5.swift in Sources */,
				189D6ED31F4E74B90038FF32 /* OrderService.swift in Sources */,
				189D6EA51F4E68080038FF32 /* ViewController.swift in Sources */,
				189D6EE31F4E7B290038FF32 /* TmailOrder.swift in Sources */,
				189D6ED91F4E75E30038FF32 /* OrderServer_3.swift in Sources */,
				189D6EDF1F4E79D20038FF32 /* OrderServer_4.swift in Sources */,
				189D6EC71F4E6D560038FF32 /* StudentModel_4.swift in Sources */,
				189D6EDD1F4E79410038FF32 /* PayOrder_4.swift in Sources */,
				189D6EDB1F4E78FD0038FF32 /* Order_4.swift in Sources */,
				189D6ED11F4E74820038FF32 /* Order.swift in Sources */,
				189D6ED71F4E75C50038FF32 /* PayOrder.swift in Sources */,
				189D6EBD1F4E69530038FF32 /* CloneProtocol.swift in Sources */,
				189D6EBB1F4E693B0038FF32 /* UserModel.swift in Sources */,
				189D6EC31F4E6B1A0038FF32 /* TeacherModel_3.swift in Sources */,
				189D6EC91F4E6E000038FF32 /* TeacherModel_4.swift in Sources */,
				189D6EBF1F4E6A260038FF32 /* StudentModel.swift in Sources */,
				189D6EA31F4E68080038FF32 /* AppDelegate.swift in Sources */,
			);
			runOnlyForDeploymentPostprocessing = 0;
		};
/* End PBXSourcesBuildPhase section */

/* Begin PBXVariantGroup section */
		189D6EA61F4E68080038FF32 /* Main.storyboard */ = {
			isa = PBXVariantGroup;
			children = (
				189D6EA71F4E68080038FF32 /* Base */,
			);
			name = Main.storyboard;
			sourceTree = "<group>";
		};
		189D6EAB1F4E68080038FF32 /* LaunchScreen.storyboard */ = {
			isa = PBXVariantGroup;
			children = (
				189D6EAC1F4E68080038FF32 /* Base */,
			);
			name = LaunchScreen.storyboard;
			sourceTree = "<group>";
		};
/* End PBXVariantGroup section */

/* Begin XCBuildConfiguration section */
		189D6EAF1F4E68080038FF32 /* Debug */ = {
			isa = XCBuildConfiguration;
			buildSettings = {
				ALWAYS_SEARCH_USER_PATHS = NO;
				CLANG_ANALYZER_NONNULL = YES;
				CLANG_ANALYZER_NUMBER_OBJECT_CONVERSION = YES_AGGRESSIVE;
				CLANG_CXX_LANGUAGE_STANDARD = "gnu++0x";
				CLANG_CXX_LIBRARY = "libc++";
				CLANG_ENABLE_MODULES = YES;
				CLANG_ENABLE_OBJC_ARC = YES;
				CLANG_WARN_BOOL_CONVERSION = YES;
				CLANG_WARN_CONSTANT_CONVERSION = YES;
				CLANG_WARN_DIRECT_OBJC_ISA_USAGE = YES_ERROR;
				CLANG_WARN_DOCUMENTATION_COMMENTS = YES;
				CLANG_WARN_EMPTY_BODY = YES;
				CLANG_WARN_ENUM_CONVERSION = YES;
				CLANG_WARN_INFINITE_RECURSION = YES;
				CLANG_WARN_INT_CONVERSION = YES;
				CLANG_WARN_OBJC_ROOT_CLASS = YES_ERROR;
				CLANG_WARN_SUSPICIOUS_MOVE = YES;
				CLANG_WARN_UNREACHABLE_CODE = YES;
				CLANG_WARN__DUPLICATE_METHOD_MATCH = YES;
				"CODE_SIGN_IDENTITY[sdk=iphoneos*]" = "iPhone Developer";
				COPY_PHASE_STRIP = NO;
				DEBUG_INFORMATION_FORMAT = dwarf;
				ENABLE_STRICT_OBJC_MSGSEND = YES;
				ENABLE_TESTABILITY = YES;
				GCC_C_LANGUAGE_STANDARD = gnu99;
				GCC_DYNAMIC_NO_PIC = NO;
				GCC_NO_COMMON_BLOCKS = YES;
				GCC_OPTIMIZATION_LEVEL = 0;
				GCC_PREPROCESSOR_DEFINITIONS = (
					"DEBUG=1",
					"$(inherited)",
				);
				GCC_WARN_64_TO_32_BIT_CONVERSION = YES;
				GCC_WARN_ABOUT_RETURN_TYPE = YES_ERROR;
				GCC_WARN_UNDECLARED_SELECTOR = YES;
				GCC_WARN_UNINITIALIZED_AUTOS = YES_AGGRESSIVE;
				GCC_WARN_UNUSED_FUNCTION = YES;
				GCC_WARN_UNUSED_VARIABLE = YES;
				IPHONEOS_DEPLOYMENT_TARGET = 10.3;
				MTL_ENABLE_DEBUG_INFO = YES;
				ONLY_ACTIVE_ARCH = YES;
				SDKROOT = iphoneos;
				SWIFT_ACTIVE_COMPILATION_CONDITIONS = DEBUG;
				SWIFT_OPTIMIZATION_LEVEL = "-Onone";
				TARGETED_DEVICE_FAMILY = "1,2";
			};
			name = Debug;
		};
		189D6EB01F4E68080038FF32 /* Release */ = {
			isa = XCBuildConfiguration;
			buildSettings = {
				ALWAYS_SEARCH_USER_PATHS = NO;
				CLANG_ANALYZER_NONNULL = YES;
				CLANG_ANALYZER_NUMBER_OBJECT_CONVERSION = YES_AGGRESSIVE;
				CLANG_CXX_LANGUAGE_STANDARD = "gnu++0x";
				CLANG_CXX_LIBRARY = "libc++";
				CLANG_ENABLE_MODULES = YES;
				CLANG_ENABLE_OBJC_ARC = YES;
				CLANG_WARN_BOOL_CONVERSION = YES;
				CLANG_WARN_CONSTANT_CONVERSION = YES;
				CLANG_WARN_DIRECT_OBJC_ISA_USAGE = YES_ERROR;
				CLANG_WARN_DOCUMENTATION_COMMENTS = YES;
				CLANG_WARN_EMPTY_BODY = YES;
				CLANG_WARN_ENUM_CONVERSION = YES;
				CLANG_WARN_INFINITE_RECURSION = YES;
				CLANG_WARN_INT_CONVERSION = YES;
				CLANG_WARN_OBJC_ROOT_CLASS = YES_ERROR;
				CLANG_WARN_SUSPICIOUS_MOVE = YES;
				CLANG_WARN_UNREACHABLE_CODE = YES;
				CLANG_WARN__DUPLICATE_METHOD_MATCH = YES;
				"CODE_SIGN_IDENTITY[sdk=iphoneos*]" = "iPhone Developer";
				COPY_PHASE_STRIP = NO;
				DEBUG_INFORMATION_FORMAT = "dwarf-with-dsym";
				ENABLE_NS_ASSERTIONS = NO;
				ENABLE_STRICT_OBJC_MSGSEND = YES;
				GCC_C_LANGUAGE_STANDARD = gnu99;
				GCC_NO_COMMON_BLOCKS = YES;
				GCC_WARN_64_TO_32_BIT_CONVERSION = YES;
				GCC_WARN_ABOUT_RETURN_TYPE = YES_ERROR;
				GCC_WARN_UNDECLARED_SELECTOR = YES;
				GCC_WARN_UNINITIALIZED_AUTOS = YES_AGGRESSIVE;
				GCC_WARN_UNUSED_FUNCTION = YES;
				GCC_WARN_UNUSED_VARIABLE = YES;
				IPHONEOS_DEPLOYMENT_TARGET = 10.3;
				MTL_ENABLE_DEBUG_INFO = NO;
				SDKROOT = iphoneos;
				SWIFT_OPTIMIZATION_LEVEL = "-Owholemodule";
				TARGETED_DEVICE_FAMILY = "1,2";
				VALIDATE_PRODUCT = YES;
			};
			name = Release;
		};
		189D6EB21F4E68080038FF32 /* Debug */ = {
			isa = XCBuildConfiguration;
			buildSettings = {
				ASSETCATALOG_COMPILER_APPICON_NAME = AppIcon;
				INFOPLIST_FILE = Clone/Info.plist;
				LD_RUNPATH_SEARCH_PATHS = "$(inherited) @executable_path/Frameworks";
				PRODUCT_BUNDLE_IDENTIFIER = com.yingtao.Clone;
				PRODUCT_NAME = "$(TARGET_NAME)";
				SWIFT_VERSION = 3.0;
			};
			name = Debug;
		};
		189D6EB31F4E68080038FF32 /* Release */ = {
			isa = XCBuildConfiguration;
			buildSettings = {
				ASSETCATALOG_COMPILER_APPICON_NAME = AppIcon;
				INFOPLIST_FILE = Clone/Info.plist;
				LD_RUNPATH_SEARCH_PATHS = "$(inherited) @executable_path/Frameworks";
				PRODUCT_BUNDLE_IDENTIFIER = com.yingtao.Clone;
				PRODUCT_NAME = "$(TARGET_NAME)";
				SWIFT_VERSION = 3.0;
			};
			name = Release;
		};
/* End XCBuildConfiguration section */

/* Begin XCConfigurationList section */
		189D6E9A1F4E68080038FF32 /* Build configuration list for PBXProject "Clone" */ = {
			isa = XCConfigurationList;
			buildConfigurations = (
				189D6EAF1F4E68080038FF32 /* Debug */,
				189D6EB01F4E68080038FF32 /* Release */,
			);
			defaultConfigurationIsVisible = 0;
			defaultConfigurationName = Release;
		};
		189D6EB11F4E68080038FF32 /* Build configuration list for PBXNativeTarget "Clone" */ = {
			isa = XCConfigurationList;
			buildConfigurations = (
				189D6EB21F4E68080038FF32 /* Debug */,
				189D6EB31F4E68080038FF32 /* Release */,
			);
			defaultConfigurationIsVisible = 0;
		};
/* End XCConfigurationList section */
	};
	rootObject = 189D6E971F4E68080038FF32 /* Project object */;
}
