// !$*UTF8*$!
{
	archiveVersion = 1;
	classes = {
	};
	objectVersion = 46;
	objects = {

/* Begin PBXBuildFile section */
		18709F891F5652470013E1CE /* AppDelegate.swift in Sources */ = {isa = PBXBuildFile; fileRef = 18709F881F5652470013E1CE /* AppDelegate.swift */; };
		18709F8B1F5652470013E1CE /* ViewController.swift in Sources */ = {isa = PBXBuildFile; fileRef = 18709F8A1F5652470013E1CE /* ViewController.swift */; };
		18709F8E1F5652470013E1CE /* Main.storyboard in Resources */ = {isa = PBXBuildFile; fileRef = 18709F8C1F5652470013E1CE /* Main.storyboard */; };
		18709F901F5652470013E1CE /* Assets.xcassets in Resources */ = {isa = PBXBuildFile; fileRef = 18709F8F1F5652470013E1CE /* Assets.xcassets */; };
		18709F931F5652470013E1CE /* LaunchScreen.storyboard in Resources */ = {isa = PBXBuildFile; fileRef = 18709F911F5652470013E1CE /* LaunchScreen.storyboard */; };
		18709F9D1F56533E0013E1CE /* Mediator.swift in Sources */ = {isa = PBXBuildFile; fileRef = 18709F9C1F56533E0013E1CE /* Mediator.swift */; };
		18709F9F1F56535E0013E1CE /* Colleague.swift in Sources */ = {isa = PBXBuildFile; fileRef = 18709F9E1F56535E0013E1CE /* Colleague.swift */; };
		18709FA11F565EC10013E1CE /* ConcreteMediator.swift in Sources */ = {isa = PBXBuildFile; fileRef = 18709FA01F565EC10013E1CE /* ConcreteMediator.swift */; };
		18709FA31F565F110013E1CE /* ConcreteColleagueA.swift in Sources */ = {isa = PBXBuildFile; fileRef = 18709FA21F565F110013E1CE /* ConcreteColleagueA.swift */; };
		18709FA51F565F450013E1CE /* ConcreteColleagueB.swift in Sources */ = {isa = PBXBuildFile; fileRef = 18709FA41F565F450013E1CE /* ConcreteColleagueB.swift */; };
		18709FA71F5662520013E1CE /* ComputerMediator.swift in Sources */ = {isa = PBXBuildFile; fileRef = 18709FA61F5662520013E1CE /* ComputerMediator.swift */; };
		18709FA91F5662820013E1CE /* ComputerColleague.swift in Sources */ = {isa = PBXBuildFile; fileRef = 18709FA81F5662820013E1CE /* ComputerColleague.swift */; };
		18709FAB1F56631D0013E1CE /* CPU.swift in Sources */ = {isa = PBXBuildFile; fileRef = 18709FAA1F56631D0013E1CE /* CPU.swift */; };
		18709FAD1F56642E0013E1CE /* Displaycard.swift in Sources */ = {isa = PBXBuildFile; fileRef = 18709FAC1F56642E0013E1CE /* Displaycard.swift */; };
		18709FAF1F56649B0013E1CE /* Soundcard.swift in Sources */ = {isa = PBXBuildFile; fileRef = 18709FAE1F56649B0013E1CE /* Soundcard.swift */; };
		18709FB11F5665090013E1CE /* CDDevice.swift in Sources */ = {isa = PBXBuildFile; fileRef = 18709FB01F5665090013E1CE /* CDDevice.swift */; };
		18709FB31F5666AF0013E1CE /* Mainborad.swift in Sources */ = {isa = PBXBuildFile; fileRef = 18709FB21F5666AF0013E1CE /* Mainborad.swift */; };
/* End PBXBuildFile section */

/* Begin PBXFileReference section */
		18709F851F5652470013E1CE /* Mediator.app */ = {isa = PBXFileReference; explicitFileType = wrapper.application; includeInIndex = 0; path = Mediator.app; sourceTree = BUILT_PRODUCTS_DIR; };
		18709F881F5652470013E1CE /* AppDelegate.swift */ = {isa = PBXFileReference; lastKnownFileType = sourcecode.swift; path = AppDelegate.swift; sourceTree = "<group>"; };
		18709F8A1F5652470013E1CE /* ViewController.swift */ = {isa = PBXFileReference; lastKnownFileType = sourcecode.swift; path = ViewController.swift; sourceTree = "<group>"; };
		18709F8D1F5652470013E1CE /* Base */ = {isa = PBXFileReference; lastKnownFileType = file.storyboard; name = Base; path = Base.lproj/Main.storyboard; sourceTree = "<group>"; };
		18709F8F1F5652470013E1CE /* Assets.xcassets */ = {isa = PBXFileReference; lastKnownFileType = folder.assetcatalog; path = Assets.xcassets; sourceTree = "<group>"; };
		18709F921F5652470013E1CE /* Base */ = {isa = PBXFileReference; lastKnownFileType = file.storyboard; name = Base; path = Base.lproj/LaunchScreen.storyboard; sourceTree = "<group>"; };
		18709F941F5652470013E1CE /* Info.plist */ = {isa = PBXFileReference; lastKnownFileType = text.plist.xml; path = Info.plist; sourceTree = "<group>"; };
		18709F9C1F56533E0013E1CE /* Mediator.swift */ = {isa = PBXFileReference; fileEncoding = 4; lastKnownFileType = sourcecode.swift; path = Mediator.swift; sourceTree = "<group>"; };
		18709F9E1F56535E0013E1CE /* Colleague.swift */ = {isa = PBXFileReference; fileEncoding = 4; lastKnownFileType = sourcecode.swift; path = Colleague.swift; sourceTree = "<group>"; };
		18709FA01F565EC10013E1CE /* ConcreteMediator.swift */ = {isa = PBXFileReference; fileEncoding = 4; lastKnownFileType = sourcecode.swift; path = ConcreteMediator.swift; sourceTree = "<group>"; };
		18709FA21F565F110013E1CE /* ConcreteColleagueA.swift */ = {isa = PBXFileReference; fileEncoding = 4; lastKnownFileType = sourcecode.swift; path = ConcreteColleagueA.swift; sourceTree = "<group>"; };
		18709FA41F565F450013E1CE /* ConcreteColleagueB.swift */ = {isa = PBXFileReference; fileEncoding = 4; lastKnownFileType = sourcecode.swift; path = ConcreteColleagueB.swift; sourceTree = "<group>"; };
		18709FA61F5662520013E1CE /* ComputerMediator.swift */ = {isa = PBXFileReference; fileEncoding = 4; lastKnownFileType = sourcecode.swift; path = ComputerMediator.swift; sourceTree = "<group>"; };
		18709FA81F5662820013E1CE /* ComputerColleague.swift */ = {isa = PBXFileReference; fileEncoding = 4; lastKnownFileType = sourcecode.swift; path = ComputerColleague.swift; sourceTree = "<group>"; };
		18709FAA1F56631D0013E1CE /* CPU.swift */ = {isa = PBXFileReference; fileEncoding = 4; lastKnownFileType = sourcecode.swift; path = CPU.swift; sourceTree = "<group>"; };
		18709FAC1F56642E0013E1CE /* Displaycard.swift */ = {isa = PBXFileReference; fileEncoding = 4; lastKnownFileType = sourcecode.swift; path = Displaycard.swift; sourceTree = "<group>"; };
		18709FAE1F56649B0013E1CE /* Soundcard.swift */ = {isa = PBXFileReference; fileEncoding = 4; lastKnownFileType = sourcecode.swift; path = Soundcard.swift; sourceTree = "<group>"; };
		18709FB01F5665090013E1CE /* CDDevice.swift */ = {isa = PBXFileReference; fileEncoding = 4; lastKnownFileType = sourcecode.swift; path = CDDevice.swift; sourceTree = "<group>"; };
		18709FB21F5666AF0013E1CE /* Mainborad.swift */ = {isa = PBXFileReference; fileEncoding = 4; lastKnownFileType = sourcecode.swift; path = Mainborad.swift; sourceTree = "<group>"; };
/* End PBXFileReference section */

/* Begin PBXFrameworksBuildPhase section */
		18709F821F5652470013E1CE /* Frameworks */ = {
			isa = PBXFrameworksBuildPhase;
			buildActionMask = 2147483647;
			files = (
			);
			runOnlyForDeploymentPostprocessing = 0;
		};
/* End PBXFrameworksBuildPhase section */

/* Begin PBXGroup section */
		18709F7C1F5652470013E1CE = {
			isa = PBXGroup;
			children = (
				18709F871F5652470013E1CE /* Mediator */,
				18709F861F5652470013E1CE /* Products */,
			);
			sourceTree = "<group>";
		};
		18709F861F5652470013E1CE /* Products */ = {
			isa = PBXGroup;
			children = (
				18709F851F5652470013E1CE /* Mediator.app */,
			);
			name = Products;
			sourceTree = "<group>";
		};
		18709F871F5652470013E1CE /* Mediator */ = {
			isa = PBXGroup;
			children = (
				18709F9A1F5653180013E1CE /* Simple_1_原理案例 */,
				18709F9B1F5653180013E1CE /* Simple_2_生活案例 */,
				18709F881F5652470013E1CE /* AppDelegate.swift */,
				18709F8A1F5652470013E1CE /* ViewController.swift */,
				18709F8C1F5652470013E1CE /* Main.storyboard */,
				18709F8F1F5652470013E1CE /* Assets.xcassets */,
				18709F911F5652470013E1CE /* LaunchScreen.storyboard */,
				18709F941F5652470013E1CE /* Info.plist */,
			);
			path = Mediator;
			sourceTree = "<group>";
		};
		18709F9A1F5653180013E1CE /* Simple_1_原理案例 */ = {
			isa = PBXGroup;
			children = (
				18709F9C1F56533E0013E1CE /* Mediator.swift */,
				18709FA01F565EC10013E1CE /* ConcreteMediator.swift */,
				18709F9E1F56535E0013E1CE /* Colleague.swift */,
				18709FA21F565F110013E1CE /* ConcreteColleagueA.swift */,
				18709FA41F565F450013E1CE /* ConcreteColleagueB.swift */,
			);
			path = "Simple_1_原理案例";
			sourceTree = "<group>";
		};
		18709F9B1F5653180013E1CE /* Simple_2_生活案例 */ = {
			isa = PBXGroup;
			children = (
				18709FA61F5662520013E1CE /* ComputerMediator.swift */,
				18709FA81F5662820013E1CE /* ComputerColleague.swift */,
				18709FAA1F56631D0013E1CE /* CPU.swift */,
				18709FAC1F56642E0013E1CE /* Displaycard.swift */,
				18709FAE1F56649B0013E1CE /* Soundcard.swift */,
				18709FB01F5665090013E1CE /* CDDevice.swift */,
				18709FB21F5666AF0013E1CE /* Mainborad.swift */,
			);
			path = "Simple_2_生活案例";
			sourceTree = "<group>";
		};
/* End PBXGroup section */

/* Begin PBXNativeTarget section */
		18709F841F5652470013E1CE /* Mediator */ = {
			isa = PBXNativeTarget;
			buildConfigurationList = 18709F971F5652470013E1CE /* Build configuration list for PBXNativeTarget "Mediator" */;
			buildPhases = (
				18709F811F5652470013E1CE /* Sources */,
				18709F821F5652470013E1CE /* Frameworks */,
				18709F831F5652470013E1CE /* Resources */,
			);
			buildRules = (
			);
			dependencies = (
			);
			name = Mediator;
			productName = Mediator;
			productReference = 18709F851F5652470013E1CE /* Mediator.app */;
			productType = "com.apple.product-type.application";
		};
/* End PBXNativeTarget section */

/* Begin PBXProject section */
		18709F7D1F5652470013E1CE /* Project object */ = {
			isa = PBXProject;
			attributes = {
				LastSwiftUpdateCheck = 0830;
				LastUpgradeCheck = 0830;
				ORGANIZATIONNAME = apple;
				TargetAttributes = {
					18709F841F5652470013E1CE = {
						CreatedOnToolsVersion = 8.3.1;
						ProvisioningStyle = Automatic;
					};
				};
			};
			buildConfigurationList = 18709F801F5652470013E1CE /* Build configuration list for PBXProject "Mediator" */;
			compatibilityVersion = "Xcode 3.2";
			developmentRegion = English;
			hasScannedForEncodings = 0;
			knownRegions = (
				en,
				Base,
			);
			mainGroup = 18709F7C1F5652470013E1CE;
			productRefGroup = 18709F861F5652470013E1CE /* Products */;
			projectDirPath = "";
			projectRoot = "";
			targets = (
				18709F841F5652470013E1CE /* Mediator */,
			);
		};
/* End PBXProject section */

/* Begin PBXResourcesBuildPhase section */
		18709F831F5652470013E1CE /* Resources */ = {
			isa = PBXResourcesBuildPhase;
			buildActionMask = 2147483647;
			files = (
				18709F931F5652470013E1CE /* LaunchScreen.storyboard in Resources */,
				18709F901F5652470013E1CE /* Assets.xcassets in Resources */,
				18709F8E1F5652470013E1CE /* Main.storyboard in Resources */,
			);
			runOnlyForDeploymentPostprocessing = 0;
		};
/* End PBXResourcesBuildPhase section */

/* Begin PBXSourcesBuildPhase section */
		18709F811F5652470013E1CE /* Sources */ = {
			isa = PBXSourcesBuildPhase;
			buildActionMask = 2147483647;
			files = (
				18709FB11F5665090013E1CE /* CDDevice.swift in Sources */,
				18709FA31F565F110013E1CE /* ConcreteColleagueA.swift in Sources */,
				18709F9D1F56533E0013E1CE /* Mediator.swift in Sources */,
				18709FAB1F56631D0013E1CE /* CPU.swift in Sources */,
				18709FA91F5662820013E1CE /* ComputerColleague.swift in Sources */,
				18709FB31F5666AF0013E1CE /* Mainborad.swift in Sources */,
				18709FA11F565EC10013E1CE /* ConcreteMediator.swift in Sources */,
				18709FAF1F56649B0013E1CE /* Soundcard.swift in Sources */,
				18709FA51F565F450013E1CE /* ConcreteColleagueB.swift in Sources */,
				18709F8B1F5652470013E1CE /* ViewController.swift in Sources */,
				18709FA71F5662520013E1CE /* ComputerMediator.swift in Sources */,
				18709FAD1F56642E0013E1CE /* Displaycard.swift in Sources */,
				18709F891F5652470013E1CE /* AppDelegate.swift in Sources */,
				18709F9F1F56535E0013E1CE /* Colleague.swift in Sources */,
			);
			runOnlyForDeploymentPostprocessing = 0;
		};
/* End PBXSourcesBuildPhase section */

/* Begin PBXVariantGroup section */
		18709F8C1F5652470013E1CE /* Main.storyboard */ = {
			isa = PBXVariantGroup;
			children = (
				18709F8D1F5652470013E1CE /* Base */,
			);
			name = Main.storyboard;
			sourceTree = "<group>";
		};
		18709F911F5652470013E1CE /* LaunchScreen.storyboard */ = {
			isa = PBXVariantGroup;
			children = (
				18709F921F5652470013E1CE /* Base */,
			);
			name = LaunchScreen.storyboard;
			sourceTree = "<group>";
		};
/* End PBXVariantGroup section */

/* Begin XCBuildConfiguration section */
		18709F951F5652470013E1CE /* Debug */ = {
			isa = XCBuildConfiguration;
			buildSettings = {
				ALWAYS_SEARCH_USER_PATHS = NO;
				CLANG_ANALYZER_NONNULL = YES;
				CLANG_ANALYZER_NUMBER_OBJECT_CONVERSION = YES_AGGRESSIVE;
				CLANG_CXX_LANGUAGE_STANDARD = "gnu++0x";
				CLANG_CXX_LIBRARY = "libc++";
				CLANG_ENABLE_MODULES = YES;
				CLANG_ENABLE_OBJC_ARC = YES;
				CLANG_WARN_BOOL_CONVERSION = YES;
				CLANG_WARN_CONSTANT_CONVERSION = YES;
				CLANG_WARN_DIRECT_OBJC_ISA_USAGE = YES_ERROR;
				CLANG_WARN_DOCUMENTATION_COMMENTS = YES;
				CLANG_WARN_EMPTY_BODY = YES;
				CLANG_WARN_ENUM_CONVERSION = YES;
				CLANG_WARN_INFINITE_RECURSION = YES;
				CLANG_WARN_INT_CONVERSION = YES;
				CLANG_WARN_OBJC_ROOT_CLASS = YES_ERROR;
				CLANG_WARN_SUSPICIOUS_MOVE = YES;
				CLANG_WARN_UNREACHABLE_CODE = YES;
				CLANG_WARN__DUPLICATE_METHOD_MATCH = YES;
				"CODE_SIGN_IDENTITY[sdk=iphoneos*]" = "iPhone Developer";
				COPY_PHASE_STRIP = NO;
				DEBUG_INFORMATION_FORMAT = dwarf;
				ENABLE_STRICT_OBJC_MSGSEND = YES;
				ENABLE_TESTABILITY = YES;
				GCC_C_LANGUAGE_STANDARD = gnu99;
				GCC_DYNAMIC_NO_PIC = NO;
				GCC_NO_COMMON_BLOCKS = YES;
				GCC_OPTIMIZATION_LEVEL = 0;
				GCC_PREPROCESSOR_DEFINITIONS = (
					"DEBUG=1",
					"$(inherited)",
				);
				GCC_WARN_64_TO_32_BIT_CONVERSION = YES;
				GCC_WARN_ABOUT_RETURN_TYPE = YES_ERROR;
				GCC_WARN_UNDECLARED_SELECTOR = YES;
				GCC_WARN_UNINITIALIZED_AUTOS = YES_AGGRESSIVE;
				GCC_WARN_UNUSED_FUNCTION = YES;
				GCC_WARN_UNUSED_VARIABLE = YES;
				IPHONEOS_DEPLOYMENT_TARGET = 10.3;
				MTL_ENABLE_DEBUG_INFO = YES;
				ONLY_ACTIVE_ARCH = YES;
				SDKROOT = iphoneos;
				SWIFT_ACTIVE_COMPILATION_CONDITIONS = DEBUG;
				SWIFT_OPTIMIZATION_LEVEL = "-Onone";
				TARGETED_DEVICE_FAMILY = "1,2";
			};
			name = Debug;
		};
		18709F961F5652470013E1CE /* Release */ = {
			isa = XCBuildConfiguration;
			buildSettings = {
				ALWAYS_SEARCH_USER_PATHS = NO;
				CLANG_ANALYZER_NONNULL = YES;
				CLANG_ANALYZER_NUMBER_OBJECT_CONVERSION = YES_AGGRESSIVE;
				CLANG_CXX_LANGUAGE_STANDARD = "gnu++0x";
				CLANG_CXX_LIBRARY = "libc++";
				CLANG_ENABLE_MODULES = YES;
				CLANG_ENABLE_OBJC_ARC = YES;
				CLANG_WARN_BOOL_CONVERSION = YES;
				CLANG_WARN_CONSTANT_CONVERSION = YES;
				CLANG_WARN_DIRECT_OBJC_ISA_USAGE = YES_ERROR;
				CLANG_WARN_DOCUMENTATION_COMMENTS = YES;
				CLANG_WARN_EMPTY_BODY = YES;
				CLANG_WARN_ENUM_CONVERSION = YES;
				CLANG_WARN_INFINITE_RECURSION = YES;
				CLANG_WARN_INT_CONVERSION = YES;
				CLANG_WARN_OBJC_ROOT_CLASS = YES_ERROR;
				CLANG_WARN_SUSPICIOUS_MOVE = YES;
				CLANG_WARN_UNREACHABLE_CODE = YES;
				CLANG_WARN__DUPLICATE_METHOD_MATCH = YES;
				"CODE_SIGN_IDENTITY[sdk=iphoneos*]" = "iPhone Developer";
				COPY_PHASE_STRIP = NO;
				DEBUG_INFORMATION_FORMAT = "dwarf-with-dsym";
				ENABLE_NS_ASSERTIONS = NO;
				ENABLE_STRICT_OBJC_MSGSEND = YES;
				GCC_C_LANGUAGE_STANDARD = gnu99;
				GCC_NO_COMMON_BLOCKS = YES;
				GCC_WARN_64_TO_32_BIT_CONVERSION = YES;
				GCC_WARN_ABOUT_RETURN_TYPE = YES_ERROR;
				GCC_WARN_UNDECLARED_SELECTOR = YES;
				GCC_WARN_UNINITIALIZED_AUTOS = YES_AGGRESSIVE;
				GCC_WARN_UNUSED_FUNCTION = YES;
				GCC_WARN_UNUSED_VARIABLE = YES;
				IPHONEOS_DEPLOYMENT_TARGET = 10.3;
				MTL_ENABLE_DEBUG_INFO = NO;
				SDKROOT = iphoneos;
				SWIFT_OPTIMIZATION_LEVEL = "-Owholemodule";
				TARGETED_DEVICE_FAMILY = "1,2";
				VALIDATE_PRODUCT = YES;
			};
			name = Release;
		};
		18709F981F5652470013E1CE /* Debug */ = {
			isa = XCBuildConfiguration;
			buildSettings = {
				ASSETCATALOG_COMPILER_APPICON_NAME = AppIcon;
				INFOPLIST_FILE = Mediator/Info.plist;
				LD_RUNPATH_SEARCH_PATHS = "$(inherited) @executable_path/Frameworks";
				PRODUCT_BUNDLE_IDENTIFIER = com.yingtao.Mediator;
				PRODUCT_NAME = "$(TARGET_NAME)";
				SWIFT_VERSION = 3.0;
			};
			name = Debug;
		};
		18709F991F5652470013E1CE /* Release */ = {
			isa = XCBuildConfiguration;
			buildSettings = {
				ASSETCATALOG_COMPILER_APPICON_NAME = AppIcon;
				INFOPLIST_FILE = Mediator/Info.plist;
				LD_RUNPATH_SEARCH_PATHS = "$(inherited) @executable_path/Frameworks";
				PRODUCT_BUNDLE_IDENTIFIER = com.yingtao.Mediator;
				PRODUCT_NAME = "$(TARGET_NAME)";
				SWIFT_VERSION = 3.0;
			};
			name = Release;
		};
/* End XCBuildConfiguration section */

/* Begin XCConfigurationList section */
		18709F801F5652470013E1CE /* Build configuration list for PBXProject "Mediator" */ = {
			isa = XCConfigurationList;
			buildConfigurations = (
				18709F951F5652470013E1CE /* Debug */,
				18709F961F5652470013E1CE /* Release */,
			);
			defaultConfigurationIsVisible = 0;
			defaultConfigurationName = Release;
		};
		18709F971F5652470013E1CE /* Build configuration list for PBXNativeTarget "Mediator" */ = {
			isa = XCConfigurationList;
			buildConfigurations = (
				18709F981F5652470013E1CE /* Debug */,
				18709F991F5652470013E1CE /* Release */,
			);
			defaultConfigurationIsVisible = 0;
		};
/* End XCConfigurationList section */
	};
	rootObject = 18709F7D1F5652470013E1CE /* Project object */;
}
