// !$*UTF8*$!
{
	archiveVersion = 1;
	classes = {
	};
	objectVersion = 46;
	objects = {

/* Begin PBXBuildFile section */
		1805A4261F58FCAE0054CB51 /* AppDelegate.swift in Sources */ = {isa = PBXBuildFile; fileRef = 1805A4251F58FCAE0054CB51 /* AppDelegate.swift */; };
		1805A4281F58FCAE0054CB51 /* ViewController.swift in Sources */ = {isa = PBXBuildFile; fileRef = 1805A4271F58FCAE0054CB51 /* ViewController.swift */; };
		1805A42B1F58FCAE0054CB51 /* Main.storyboard in Resources */ = {isa = PBXBuildFile; fileRef = 1805A4291F58FCAE0054CB51 /* Main.storyboard */; };
		1805A42D1F58FCAE0054CB51 /* Assets.xcassets in Resources */ = {isa = PBXBuildFile; fileRef = 1805A42C1F58FCAE0054CB51 /* Assets.xcassets */; };
		1805A4301F58FCAE0054CB51 /* LaunchScreen.storyboard in Resources */ = {isa = PBXBuildFile; fileRef = 1805A42E1F58FCAE0054CB51 /* LaunchScreen.storyboard */; };
		1805A43A1F58FD2E0054CB51 /* StaffProtocol.swift in Sources */ = {isa = PBXBuildFile; fileRef = 1805A4391F58FD2E0054CB51 /* StaffProtocol.swift */; };
		1805A43C1F58FDE60054CB51 /* VisitorProtocol.swift in Sources */ = {isa = PBXBuildFile; fileRef = 1805A43B1F58FDE60054CB51 /* VisitorProtocol.swift */; };
		1805A43E1F58FE300054CB51 /* Engineer.swift in Sources */ = {isa = PBXBuildFile; fileRef = 1805A43D1F58FE300054CB51 /* Engineer.swift */; };
		1805A4401F58FE3D0054CB51 /* Manager.swift in Sources */ = {isa = PBXBuildFile; fileRef = 1805A43F1F58FE3D0054CB51 /* Manager.swift */; };
		1805A4421F58FF710054CB51 /* CTOVisitor.swift in Sources */ = {isa = PBXBuildFile; fileRef = 1805A4411F58FF710054CB51 /* CTOVisitor.swift */; };
		1805A4441F59007D0054CB51 /* CEOVisitor.swift in Sources */ = {isa = PBXBuildFile; fileRef = 1805A4431F59007D0054CB51 /* CEOVisitor.swift */; };
		1805A4461F5900DE0054CB51 /* EmployeeBusinessReport.swift in Sources */ = {isa = PBXBuildFile; fileRef = 1805A4451F5900DE0054CB51 /* EmployeeBusinessReport.swift */; };
/* End PBXBuildFile section */

/* Begin PBXFileReference section */
		1805A4221F58FCAE0054CB51 /* Visitor.app */ = {isa = PBXFileReference; explicitFileType = wrapper.application; includeInIndex = 0; path = Visitor.app; sourceTree = BUILT_PRODUCTS_DIR; };
		1805A4251F58FCAE0054CB51 /* AppDelegate.swift */ = {isa = PBXFileReference; lastKnownFileType = sourcecode.swift; path = AppDelegate.swift; sourceTree = "<group>"; };
		1805A4271F58FCAE0054CB51 /* ViewController.swift */ = {isa = PBXFileReference; lastKnownFileType = sourcecode.swift; path = ViewController.swift; sourceTree = "<group>"; };
		1805A42A1F58FCAE0054CB51 /* Base */ = {isa = PBXFileReference; lastKnownFileType = file.storyboard; name = Base; path = Base.lproj/Main.storyboard; sourceTree = "<group>"; };
		1805A42C1F58FCAE0054CB51 /* Assets.xcassets */ = {isa = PBXFileReference; lastKnownFileType = folder.assetcatalog; path = Assets.xcassets; sourceTree = "<group>"; };
		1805A42F1F58FCAE0054CB51 /* Base */ = {isa = PBXFileReference; lastKnownFileType = file.storyboard; name = Base; path = Base.lproj/LaunchScreen.storyboard; sourceTree = "<group>"; };
		1805A4311F58FCAE0054CB51 /* Info.plist */ = {isa = PBXFileReference; lastKnownFileType = text.plist.xml; path = Info.plist; sourceTree = "<group>"; };
		1805A4391F58FD2E0054CB51 /* StaffProtocol.swift */ = {isa = PBXFileReference; fileEncoding = 4; lastKnownFileType = sourcecode.swift; path = StaffProtocol.swift; sourceTree = "<group>"; };
		1805A43B1F58FDE60054CB51 /* VisitorProtocol.swift */ = {isa = PBXFileReference; fileEncoding = 4; lastKnownFileType = sourcecode.swift; path = VisitorProtocol.swift; sourceTree = "<group>"; };
		1805A43D1F58FE300054CB51 /* Engineer.swift */ = {isa = PBXFileReference; fileEncoding = 4; lastKnownFileType = sourcecode.swift; path = Engineer.swift; sourceTree = "<group>"; };
		1805A43F1F58FE3D0054CB51 /* Manager.swift */ = {isa = PBXFileReference; fileEncoding = 4; lastKnownFileType = sourcecode.swift; path = Manager.swift; sourceTree = "<group>"; };
		1805A4411F58FF710054CB51 /* CTOVisitor.swift */ = {isa = PBXFileReference; fileEncoding = 4; lastKnownFileType = sourcecode.swift; path = CTOVisitor.swift; sourceTree = "<group>"; };
		1805A4431F59007D0054CB51 /* CEOVisitor.swift */ = {isa = PBXFileReference; fileEncoding = 4; lastKnownFileType = sourcecode.swift; path = CEOVisitor.swift; sourceTree = "<group>"; };
		1805A4451F5900DE0054CB51 /* EmployeeBusinessReport.swift */ = {isa = PBXFileReference; fileEncoding = 4; lastKnownFileType = sourcecode.swift; path = EmployeeBusinessReport.swift; sourceTree = "<group>"; };
/* End PBXFileReference section */

/* Begin PBXFrameworksBuildPhase section */
		1805A41F1F58FCAE0054CB51 /* Frameworks */ = {
			isa = PBXFrameworksBuildPhase;
			buildActionMask = 2147483647;
			files = (
			);
			runOnlyForDeploymentPostprocessing = 0;
		};
/* End PBXFrameworksBuildPhase section */

/* Begin PBXGroup section */
		1805A4191F58FCAE0054CB51 = {
			isa = PBXGroup;
			children = (
				1805A4241F58FCAE0054CB51 /* Visitor */,
				1805A4231F58FCAE0054CB51 /* Products */,
			);
			sourceTree = "<group>";
		};
		1805A4231F58FCAE0054CB51 /* Products */ = {
			isa = PBXGroup;
			children = (
				1805A4221F58FCAE0054CB51 /* Visitor.app */,
			);
			name = Products;
			sourceTree = "<group>";
		};
		1805A4241F58FCAE0054CB51 /* Visitor */ = {
			isa = PBXGroup;
			children = (
				1805A4371F58FD0A0054CB51 /* Simple_1_原理案例 */,
				1805A4381F58FD0A0054CB51 /* Simple_2_增强案例 */,
				1805A4251F58FCAE0054CB51 /* AppDelegate.swift */,
				1805A4271F58FCAE0054CB51 /* ViewController.swift */,
				1805A4291F58FCAE0054CB51 /* Main.storyboard */,
				1805A42C1F58FCAE0054CB51 /* Assets.xcassets */,
				1805A42E1F58FCAE0054CB51 /* LaunchScreen.storyboard */,
				1805A4311F58FCAE0054CB51 /* Info.plist */,
			);
			path = Visitor;
			sourceTree = "<group>";
		};
		1805A4371F58FD0A0054CB51 /* Simple_1_原理案例 */ = {
			isa = PBXGroup;
			children = (
				1805A4391F58FD2E0054CB51 /* StaffProtocol.swift */,
				1805A43B1F58FDE60054CB51 /* VisitorProtocol.swift */,
				1805A43D1F58FE300054CB51 /* Engineer.swift */,
				1805A43F1F58FE3D0054CB51 /* Manager.swift */,
				1805A4411F58FF710054CB51 /* CTOVisitor.swift */,
				1805A4431F59007D0054CB51 /* CEOVisitor.swift */,
				1805A4451F5900DE0054CB51 /* EmployeeBusinessReport.swift */,
			);
			path = "Simple_1_原理案例";
			sourceTree = "<group>";
		};
		1805A4381F58FD0A0054CB51 /* Simple_2_增强案例 */ = {
			isa = PBXGroup;
			children = (
			);
			path = "Simple_2_增强案例";
			sourceTree = "<group>";
		};
/* End PBXGroup section */

/* Begin PBXNativeTarget section */
		1805A4211F58FCAE0054CB51 /* Visitor */ = {
			isa = PBXNativeTarget;
			buildConfigurationList = 1805A4341F58FCAE0054CB51 /* Build configuration list for PBXNativeTarget "Visitor" */;
			buildPhases = (
				1805A41E1F58FCAE0054CB51 /* Sources */,
				1805A41F1F58FCAE0054CB51 /* Frameworks */,
				1805A4201F58FCAE0054CB51 /* Resources */,
			);
			buildRules = (
			);
			dependencies = (
			);
			name = Visitor;
			productName = Visitor;
			productReference = 1805A4221F58FCAE0054CB51 /* Visitor.app */;
			productType = "com.apple.product-type.application";
		};
/* End PBXNativeTarget section */

/* Begin PBXProject section */
		1805A41A1F58FCAE0054CB51 /* Project object */ = {
			isa = PBXProject;
			attributes = {
				LastSwiftUpdateCheck = 0830;
				LastUpgradeCheck = 0830;
				ORGANIZATIONNAME = apple;
				TargetAttributes = {
					1805A4211F58FCAE0054CB51 = {
						CreatedOnToolsVersion = 8.3.1;
						ProvisioningStyle = Automatic;
					};
				};
			};
			buildConfigurationList = 1805A41D1F58FCAE0054CB51 /* Build configuration list for PBXProject "Visitor" */;
			compatibilityVersion = "Xcode 3.2";
			developmentRegion = English;
			hasScannedForEncodings = 0;
			knownRegions = (
				en,
				Base,
			);
			mainGroup = 1805A4191F58FCAE0054CB51;
			productRefGroup = 1805A4231F58FCAE0054CB51 /* Products */;
			projectDirPath = "";
			projectRoot = "";
			targets = (
				1805A4211F58FCAE0054CB51 /* Visitor */,
			);
		};
/* End PBXProject section */

/* Begin PBXResourcesBuildPhase section */
		1805A4201F58FCAE0054CB51 /* Resources */ = {
			isa = PBXResourcesBuildPhase;
			buildActionMask = 2147483647;
			files = (
				1805A4301F58FCAE0054CB51 /* LaunchScreen.storyboard in Resources */,
				1805A42D1F58FCAE0054CB51 /* Assets.xcassets in Resources */,
				1805A42B1F58FCAE0054CB51 /* Main.storyboard in Resources */,
			);
			runOnlyForDeploymentPostprocessing = 0;
		};
/* End PBXResourcesBuildPhase section */

/* Begin PBXSourcesBuildPhase section */
		1805A41E1F58FCAE0054CB51 /* Sources */ = {
			isa = PBXSourcesBuildPhase;
			buildActionMask = 2147483647;
			files = (
				1805A4441F59007D0054CB51 /* CEOVisitor.swift in Sources */,
				1805A4281F58FCAE0054CB51 /* ViewController.swift in Sources */,
				1805A4421F58FF710054CB51 /* CTOVisitor.swift in Sources */,
				1805A4401F58FE3D0054CB51 /* Manager.swift in Sources */,
				1805A43A1F58FD2E0054CB51 /* StaffProtocol.swift in Sources */,
				1805A43E1F58FE300054CB51 /* Engineer.swift in Sources */,
				1805A4461F5900DE0054CB51 /* EmployeeBusinessReport.swift in Sources */,
				1805A43C1F58FDE60054CB51 /* VisitorProtocol.swift in Sources */,
				1805A4261F58FCAE0054CB51 /* AppDelegate.swift in Sources */,
			);
			runOnlyForDeploymentPostprocessing = 0;
		};
/* End PBXSourcesBuildPhase section */

/* Begin PBXVariantGroup section */
		1805A4291F58FCAE0054CB51 /* Main.storyboard */ = {
			isa = PBXVariantGroup;
			children = (
				1805A42A1F58FCAE0054CB51 /* Base */,
			);
			name = Main.storyboard;
			sourceTree = "<group>";
		};
		1805A42E1F58FCAE0054CB51 /* LaunchScreen.storyboard */ = {
			isa = PBXVariantGroup;
			children = (
				1805A42F1F58FCAE0054CB51 /* Base */,
			);
			name = LaunchScreen.storyboard;
			sourceTree = "<group>";
		};
/* End PBXVariantGroup section */

/* Begin XCBuildConfiguration section */
		1805A4321F58FCAE0054CB51 /* Debug */ = {
			isa = XCBuildConfiguration;
			buildSettings = {
				ALWAYS_SEARCH_USER_PATHS = NO;
				CLANG_ANALYZER_NONNULL = YES;
				CLANG_ANALYZER_NUMBER_OBJECT_CONVERSION = YES_AGGRESSIVE;
				CLANG_CXX_LANGUAGE_STANDARD = "gnu++0x";
				CLANG_CXX_LIBRARY = "libc++";
				CLANG_ENABLE_MODULES = YES;
				CLANG_ENABLE_OBJC_ARC = YES;
				CLANG_WARN_BOOL_CONVERSION = YES;
				CLANG_WARN_CONSTANT_CONVERSION = YES;
				CLANG_WARN_DIRECT_OBJC_ISA_USAGE = YES_ERROR;
				CLANG_WARN_DOCUMENTATION_COMMENTS = YES;
				CLANG_WARN_EMPTY_BODY = YES;
				CLANG_WARN_ENUM_CONVERSION = YES;
				CLANG_WARN_INFINITE_RECURSION = YES;
				CLANG_WARN_INT_CONVERSION = YES;
				CLANG_WARN_OBJC_ROOT_CLASS = YES_ERROR;
				CLANG_WARN_SUSPICIOUS_MOVE = YES;
				CLANG_WARN_UNREACHABLE_CODE = YES;
				CLANG_WARN__DUPLICATE_METHOD_MATCH = YES;
				"CODE_SIGN_IDENTITY[sdk=iphoneos*]" = "iPhone Developer";
				COPY_PHASE_STRIP = NO;
				DEBUG_INFORMATION_FORMAT = dwarf;
				ENABLE_STRICT_OBJC_MSGSEND = YES;
				ENABLE_TESTABILITY = YES;
				GCC_C_LANGUAGE_STANDARD = gnu99;
				GCC_DYNAMIC_NO_PIC = NO;
				GCC_NO_COMMON_BLOCKS = YES;
				GCC_OPTIMIZATION_LEVEL = 0;
				GCC_PREPROCESSOR_DEFINITIONS = (
					"DEBUG=1",
					"$(inherited)",
				);
				GCC_WARN_64_TO_32_BIT_CONVERSION = YES;
				GCC_WARN_ABOUT_RETURN_TYPE = YES_ERROR;
				GCC_WARN_UNDECLARED_SELECTOR = YES;
				GCC_WARN_UNINITIALIZED_AUTOS = YES_AGGRESSIVE;
				GCC_WARN_UNUSED_FUNCTION = YES;
				GCC_WARN_UNUSED_VARIABLE = YES;
				IPHONEOS_DEPLOYMENT_TARGET = 10.3;
				MTL_ENABLE_DEBUG_INFO = YES;
				ONLY_ACTIVE_ARCH = YES;
				SDKROOT = iphoneos;
				SWIFT_ACTIVE_COMPILATION_CONDITIONS = DEBUG;
				SWIFT_OPTIMIZATION_LEVEL = "-Onone";
				TARGETED_DEVICE_FAMILY = "1,2";
			};
			name = Debug;
		};
		1805A4331F58FCAE0054CB51 /* Release */ = {
			isa = XCBuildConfiguration;
			buildSettings = {
				ALWAYS_SEARCH_USER_PATHS = NO;
				CLANG_ANALYZER_NONNULL = YES;
				CLANG_ANALYZER_NUMBER_OBJECT_CONVERSION = YES_AGGRESSIVE;
				CLANG_CXX_LANGUAGE_STANDARD = "gnu++0x";
				CLANG_CXX_LIBRARY = "libc++";
				CLANG_ENABLE_MODULES = YES;
				CLANG_ENABLE_OBJC_ARC = YES;
				CLANG_WARN_BOOL_CONVERSION = YES;
				CLANG_WARN_CONSTANT_CONVERSION = YES;
				CLANG_WARN_DIRECT_OBJC_ISA_USAGE = YES_ERROR;
				CLANG_WARN_DOCUMENTATION_COMMENTS = YES;
				CLANG_WARN_EMPTY_BODY = YES;
				CLANG_WARN_ENUM_CONVERSION = YES;
				CLANG_WARN_INFINITE_RECURSION = YES;
				CLANG_WARN_INT_CONVERSION = YES;
				CLANG_WARN_OBJC_ROOT_CLASS = YES_ERROR;
				CLANG_WARN_SUSPICIOUS_MOVE = YES;
				CLANG_WARN_UNREACHABLE_CODE = YES;
				CLANG_WARN__DUPLICATE_METHOD_MATCH = YES;
				"CODE_SIGN_IDENTITY[sdk=iphoneos*]" = "iPhone Developer";
				COPY_PHASE_STRIP = NO;
				DEBUG_INFORMATION_FORMAT = "dwarf-with-dsym";
				ENABLE_NS_ASSERTIONS = NO;
				ENABLE_STRICT_OBJC_MSGSEND = YES;
				GCC_C_LANGUAGE_STANDARD = gnu99;
				GCC_NO_COMMON_BLOCKS = YES;
				GCC_WARN_64_TO_32_BIT_CONVERSION = YES;
				GCC_WARN_ABOUT_RETURN_TYPE = YES_ERROR;
				GCC_WARN_UNDECLARED_SELECTOR = YES;
				GCC_WARN_UNINITIALIZED_AUTOS = YES_AGGRESSIVE;
				GCC_WARN_UNUSED_FUNCTION = YES;
				GCC_WARN_UNUSED_VARIABLE = YES;
				IPHONEOS_DEPLOYMENT_TARGET = 10.3;
				MTL_ENABLE_DEBUG_INFO = NO;
				SDKROOT = iphoneos;
				SWIFT_OPTIMIZATION_LEVEL = "-Owholemodule";
				TARGETED_DEVICE_FAMILY = "1,2";
				VALIDATE_PRODUCT = YES;
			};
			name = Release;
		};
		1805A4351F58FCAE0054CB51 /* Debug */ = {
			isa = XCBuildConfiguration;
			buildSettings = {
				ASSETCATALOG_COMPILER_APPICON_NAME = AppIcon;
				INFOPLIST_FILE = Visitor/Info.plist;
				LD_RUNPATH_SEARCH_PATHS = "$(inherited) @executable_path/Frameworks";
				PRODUCT_BUNDLE_IDENTIFIER = com.yingtao.Visitor;
				PRODUCT_NAME = "$(TARGET_NAME)";
				SWIFT_VERSION = 3.0;
			};
			name = Debug;
		};
		1805A4361F58FCAE0054CB51 /* Release */ = {
			isa = XCBuildConfiguration;
			buildSettings = {
				ASSETCATALOG_COMPILER_APPICON_NAME = AppIcon;
				INFOPLIST_FILE = Visitor/Info.plist;
				LD_RUNPATH_SEARCH_PATHS = "$(inherited) @executable_path/Frameworks";
				PRODUCT_BUNDLE_IDENTIFIER = com.yingtao.Visitor;
				PRODUCT_NAME = "$(TARGET_NAME)";
				SWIFT_VERSION = 3.0;
			};
			name = Release;
		};
/* End XCBuildConfiguration section */

/* Begin XCConfigurationList section */
		1805A41D1F58FCAE0054CB51 /* Build configuration list for PBXProject "Visitor" */ = {
			isa = XCConfigurationList;
			buildConfigurations = (
				1805A4321F58FCAE0054CB51 /* Debug */,
				1805A4331F58FCAE0054CB51 /* Release */,
			);
			defaultConfigurationIsVisible = 0;
			defaultConfigurationName = Release;
		};
		1805A4341F58FCAE0054CB51 /* Build configuration list for PBXNativeTarget "Visitor" */ = {
			isa = XCConfigurationList;
			buildConfigurations = (
				1805A4351F58FCAE0054CB51 /* Debug */,
				1805A4361F58FCAE0054CB51 /* Release */,
			);
			defaultConfigurationIsVisible = 0;
		};
/* End XCConfigurationList section */
	};
	rootObject = 1805A41A1F58FCAE0054CB51 /* Project object */;
}
