// !$*UTF8*$!
{
	archiveVersion = 1;
	classes = {
	};
	objectVersion = 46;
	objects = {

/* Begin PBXBuildFile section */
		18728B6E1F5002BE00FCE359 /* AppDelegate.swift in Sources */ = {isa = PBXBuildFile; fileRef = 18728B6D1F5002BE00FCE359 /* AppDelegate.swift */; };
		18728B701F5002BE00FCE359 /* ViewController.swift in Sources */ = {isa = PBXBuildFile; fileRef = 18728B6F1F5002BE00FCE359 /* ViewController.swift */; };
		18728B731F5002BE00FCE359 /* Main.storyboard in Resources */ = {isa = PBXBuildFile; fileRef = 18728B711F5002BE00FCE359 /* Main.storyboard */; };
		18728B751F5002BE00FCE359 /* Assets.xcassets in Resources */ = {isa = PBXBuildFile; fileRef = 18728B741F5002BE00FCE359 /* Assets.xcassets */; };
		18728B781F5002BE00FCE359 /* LaunchScreen.storyboard in Resources */ = {isa = PBXBuildFile; fileRef = 18728B761F5002BE00FCE359 /* LaunchScreen.storyboard */; };
		18728B821F50036500FCE359 /* ComonentProtocol.swift in Sources */ = {isa = PBXBuildFile; fileRef = 18728B811F50036500FCE359 /* ComonentProtocol.swift */; };
		18728B861F50071D00FCE359 /* Composite.swift in Sources */ = {isa = PBXBuildFile; fileRef = 18728B851F50071D00FCE359 /* Composite.swift */; };
		18728B881F50119500FCE359 /* ComponentProtocol_2.swift in Sources */ = {isa = PBXBuildFile; fileRef = 18728B871F50119500FCE359 /* ComponentProtocol_2.swift */; };
		18728B8A1F50140800FCE359 /* Leaf_2.swift in Sources */ = {isa = PBXBuildFile; fileRef = 18728B891F50140800FCE359 /* Leaf_2.swift */; };
		18728B8C1F5016DF00FCE359 /* Composites_2.swift in Sources */ = {isa = PBXBuildFile; fileRef = 18728B8B1F5016DF00FCE359 /* Composites_2.swift */; };
		18DBE1591F53A73600B6C7C3 /* DirProtocol.swift in Sources */ = {isa = PBXBuildFile; fileRef = 18DBE1581F53A73600B6C7C3 /* DirProtocol.swift */; };
		18DBE15D1F53A88400B6C7C3 /* File.swift in Sources */ = {isa = PBXBuildFile; fileRef = 18DBE15C1F53A88400B6C7C3 /* File.swift */; };
		18DBE15F1F53A9DF00B6C7C3 /* Folder.swift in Sources */ = {isa = PBXBuildFile; fileRef = 18DBE15E1F53A9DF00B6C7C3 /* Folder.swift */; };
/* End PBXBuildFile section */

/* Begin PBXFileReference section */
		18728B6A1F5002BE00FCE359 /* Component.app */ = {isa = PBXFileReference; explicitFileType = wrapper.application; includeInIndex = 0; path = Component.app; sourceTree = BUILT_PRODUCTS_DIR; };
		18728B6D1F5002BE00FCE359 /* AppDelegate.swift */ = {isa = PBXFileReference; lastKnownFileType = sourcecode.swift; path = AppDelegate.swift; sourceTree = "<group>"; };
		18728B6F1F5002BE00FCE359 /* ViewController.swift */ = {isa = PBXFileReference; lastKnownFileType = sourcecode.swift; path = ViewController.swift; sourceTree = "<group>"; };
		18728B721F5002BE00FCE359 /* Base */ = {isa = PBXFileReference; lastKnownFileType = file.storyboard; name = Base; path = Base.lproj/Main.storyboard; sourceTree = "<group>"; };
		18728B741F5002BE00FCE359 /* Assets.xcassets */ = {isa = PBXFileReference; lastKnownFileType = folder.assetcatalog; path = Assets.xcassets; sourceTree = "<group>"; };
		18728B771F5002BE00FCE359 /* Base */ = {isa = PBXFileReference; lastKnownFileType = file.storyboard; name = Base; path = Base.lproj/LaunchScreen.storyboard; sourceTree = "<group>"; };
		18728B791F5002BE00FCE359 /* Info.plist */ = {isa = PBXFileReference; lastKnownFileType = text.plist.xml; path = Info.plist; sourceTree = "<group>"; };
		18728B811F50036500FCE359 /* ComonentProtocol.swift */ = {isa = PBXFileReference; fileEncoding = 4; lastKnownFileType = sourcecode.swift; path = ComonentProtocol.swift; sourceTree = "<group>"; };
		18728B831F50065E00FCE359 /* Leaf.swift */ = {isa = PBXFileReference; fileEncoding = 4; lastKnownFileType = sourcecode.swift; path = Leaf.swift; sourceTree = "<group>"; };
		18728B851F50071D00FCE359 /* Composite.swift */ = {isa = PBXFileReference; fileEncoding = 4; lastKnownFileType = sourcecode.swift; path = Composite.swift; sourceTree = "<group>"; };
		18728B871F50119500FCE359 /* ComponentProtocol_2.swift */ = {isa = PBXFileReference; fileEncoding = 4; lastKnownFileType = sourcecode.swift; path = ComponentProtocol_2.swift; sourceTree = "<group>"; };
		18728B891F50140800FCE359 /* Leaf_2.swift */ = {isa = PBXFileReference; fileEncoding = 4; lastKnownFileType = sourcecode.swift; path = Leaf_2.swift; sourceTree = "<group>"; };
		18728B8B1F5016DF00FCE359 /* Composites_2.swift */ = {isa = PBXFileReference; fileEncoding = 4; lastKnownFileType = sourcecode.swift; path = Composites_2.swift; sourceTree = "<group>"; };
		18DBE1581F53A73600B6C7C3 /* DirProtocol.swift */ = {isa = PBXFileReference; fileEncoding = 4; lastKnownFileType = sourcecode.swift; path = DirProtocol.swift; sourceTree = "<group>"; };
		18DBE15C1F53A88400B6C7C3 /* File.swift */ = {isa = PBXFileReference; fileEncoding = 4; lastKnownFileType = sourcecode.swift; path = File.swift; sourceTree = "<group>"; };
		18DBE15E1F53A9DF00B6C7C3 /* Folder.swift */ = {isa = PBXFileReference; fileEncoding = 4; lastKnownFileType = sourcecode.swift; path = Folder.swift; sourceTree = "<group>"; };
/* End PBXFileReference section */

/* Begin PBXFrameworksBuildPhase section */
		18728B671F5002BE00FCE359 /* Frameworks */ = {
			isa = PBXFrameworksBuildPhase;
			buildActionMask = 2147483647;
			files = (
			);
			runOnlyForDeploymentPostprocessing = 0;
		};
/* End PBXFrameworksBuildPhase section */

/* Begin PBXGroup section */
		18728B611F5002BE00FCE359 = {
			isa = PBXGroup;
			children = (
				18728B6C1F5002BE00FCE359 /* Component */,
				18728B6B1F5002BE00FCE359 /* Products */,
			);
			sourceTree = "<group>";
		};
		18728B6B1F5002BE00FCE359 /* Products */ = {
			isa = PBXGroup;
			children = (
				18728B6A1F5002BE00FCE359 /* Component.app */,
			);
			name = Products;
			sourceTree = "<group>";
		};
		18728B6C1F5002BE00FCE359 /* Component */ = {
			isa = PBXGroup;
			children = (
				18DBE1561F53A6AA00B6C7C3 /* Simple_3_加强理解 */,
				18728B7F1F50031900FCE359 /* Simple_1_原理案例 */,
				18728B801F50031900FCE359 /* Simple_2_改进案例 */,
				18728B6D1F5002BE00FCE359 /* AppDelegate.swift */,
				18728B6F1F5002BE00FCE359 /* ViewController.swift */,
				18728B711F5002BE00FCE359 /* Main.storyboard */,
				18728B741F5002BE00FCE359 /* Assets.xcassets */,
				18728B761F5002BE00FCE359 /* LaunchScreen.storyboard */,
				18728B791F5002BE00FCE359 /* Info.plist */,
			);
			path = Component;
			sourceTree = "<group>";
		};
		18728B7F1F50031900FCE359 /* Simple_1_原理案例 */ = {
			isa = PBXGroup;
			children = (
				18728B811F50036500FCE359 /* ComonentProtocol.swift */,
				18728B851F50071D00FCE359 /* Composite.swift */,
				18728B831F50065E00FCE359 /* Leaf.swift */,
			);
			path = "Simple_1_原理案例";
			sourceTree = "<group>";
		};
		18728B801F50031900FCE359 /* Simple_2_改进案例 */ = {
			isa = PBXGroup;
			children = (
				18728B871F50119500FCE359 /* ComponentProtocol_2.swift */,
				18728B8B1F5016DF00FCE359 /* Composites_2.swift */,
				18728B891F50140800FCE359 /* Leaf_2.swift */,
			);
			path = "Simple_2_改进案例";
			sourceTree = "<group>";
		};
		18DBE1561F53A6AA00B6C7C3 /* Simple_3_加强理解 */ = {
			isa = PBXGroup;
			children = (
				18DBE1581F53A73600B6C7C3 /* DirProtocol.swift */,
				18DBE15C1F53A88400B6C7C3 /* File.swift */,
				18DBE15E1F53A9DF00B6C7C3 /* Folder.swift */,
			);
			path = "Simple_3_加强理解";
			sourceTree = "<group>";
		};
/* End PBXGroup section */

/* Begin PBXNativeTarget section */
		18728B691F5002BE00FCE359 /* Component */ = {
			isa = PBXNativeTarget;
			buildConfigurationList = 18728B7C1F5002BE00FCE359 /* Build configuration list for PBXNativeTarget "Component" */;
			buildPhases = (
				18728B661F5002BE00FCE359 /* Sources */,
				18728B671F5002BE00FCE359 /* Frameworks */,
				18728B681F5002BE00FCE359 /* Resources */,
			);
			buildRules = (
			);
			dependencies = (
			);
			name = Component;
			productName = Component;
			productReference = 18728B6A1F5002BE00FCE359 /* Component.app */;
			productType = "com.apple.product-type.application";
		};
/* End PBXNativeTarget section */

/* Begin PBXProject section */
		18728B621F5002BE00FCE359 /* Project object */ = {
			isa = PBXProject;
			attributes = {
				LastSwiftUpdateCheck = 0830;
				LastUpgradeCheck = 0830;
				ORGANIZATIONNAME = apple;
				TargetAttributes = {
					18728B691F5002BE00FCE359 = {
						CreatedOnToolsVersion = 8.3.1;
						ProvisioningStyle = Automatic;
					};
				};
			};
			buildConfigurationList = 18728B651F5002BE00FCE359 /* Build configuration list for PBXProject "Component" */;
			compatibilityVersion = "Xcode 3.2";
			developmentRegion = English;
			hasScannedForEncodings = 0;
			knownRegions = (
				en,
				Base,
			);
			mainGroup = 18728B611F5002BE00FCE359;
			productRefGroup = 18728B6B1F5002BE00FCE359 /* Products */;
			projectDirPath = "";
			projectRoot = "";
			targets = (
				18728B691F5002BE00FCE359 /* Component */,
			);
		};
/* End PBXProject section */

/* Begin PBXResourcesBuildPhase section */
		18728B681F5002BE00FCE359 /* Resources */ = {
			isa = PBXResourcesBuildPhase;
			buildActionMask = 2147483647;
			files = (
				18728B781F5002BE00FCE359 /* LaunchScreen.storyboard in Resources */,
				18728B751F5002BE00FCE359 /* Assets.xcassets in Resources */,
				18728B731F5002BE00FCE359 /* Main.storyboard in Resources */,
			);
			runOnlyForDeploymentPostprocessing = 0;
		};
/* End PBXResourcesBuildPhase section */

/* Begin PBXSourcesBuildPhase section */
		18728B661F5002BE00FCE359 /* Sources */ = {
			isa = PBXSourcesBuildPhase;
			buildActionMask = 2147483647;
			files = (
				18728B8C1F5016DF00FCE359 /* Composites_2.swift in Sources */,
				18DBE15F1F53A9DF00B6C7C3 /* Folder.swift in Sources */,
				18728B881F50119500FCE359 /* ComponentProtocol_2.swift in Sources */,
				18728B701F5002BE00FCE359 /* ViewController.swift in Sources */,
				18728B861F50071D00FCE359 /* Composite.swift in Sources */,
				18728B821F50036500FCE359 /* ComonentProtocol.swift in Sources */,
				18DBE1591F53A73600B6C7C3 /* DirProtocol.swift in Sources */,
				18728B8A1F50140800FCE359 /* Leaf_2.swift in Sources */,
				18DBE15D1F53A88400B6C7C3 /* File.swift in Sources */,
				18728B6E1F5002BE00FCE359 /* AppDelegate.swift in Sources */,
			);
			runOnlyForDeploymentPostprocessing = 0;
		};
/* End PBXSourcesBuildPhase section */

/* Begin PBXVariantGroup section */
		18728B711F5002BE00FCE359 /* Main.storyboard */ = {
			isa = PBXVariantGroup;
			children = (
				18728B721F5002BE00FCE359 /* Base */,
			);
			name = Main.storyboard;
			sourceTree = "<group>";
		};
		18728B761F5002BE00FCE359 /* LaunchScreen.storyboard */ = {
			isa = PBXVariantGroup;
			children = (
				18728B771F5002BE00FCE359 /* Base */,
			);
			name = LaunchScreen.storyboard;
			sourceTree = "<group>";
		};
/* End PBXVariantGroup section */

/* Begin XCBuildConfiguration section */
		18728B7A1F5002BE00FCE359 /* Debug */ = {
			isa = XCBuildConfiguration;
			buildSettings = {
				ALWAYS_SEARCH_USER_PATHS = NO;
				CLANG_ANALYZER_NONNULL = YES;
				CLANG_ANALYZER_NUMBER_OBJECT_CONVERSION = YES_AGGRESSIVE;
				CLANG_CXX_LANGUAGE_STANDARD = "gnu++0x";
				CLANG_CXX_LIBRARY = "libc++";
				CLANG_ENABLE_MODULES = YES;
				CLANG_ENABLE_OBJC_ARC = YES;
				CLANG_WARN_BOOL_CONVERSION = YES;
				CLANG_WARN_CONSTANT_CONVERSION = YES;
				CLANG_WARN_DIRECT_OBJC_ISA_USAGE = YES_ERROR;
				CLANG_WARN_DOCUMENTATION_COMMENTS = YES;
				CLANG_WARN_EMPTY_BODY = YES;
				CLANG_WARN_ENUM_CONVERSION = YES;
				CLANG_WARN_INFINITE_RECURSION = YES;
				CLANG_WARN_INT_CONVERSION = YES;
				CLANG_WARN_OBJC_ROOT_CLASS = YES_ERROR;
				CLANG_WARN_SUSPICIOUS_MOVE = YES;
				CLANG_WARN_UNREACHABLE_CODE = YES;
				CLANG_WARN__DUPLICATE_METHOD_MATCH = YES;
				"CODE_SIGN_IDENTITY[sdk=iphoneos*]" = "iPhone Developer";
				COPY_PHASE_STRIP = NO;
				DEBUG_INFORMATION_FORMAT = dwarf;
				ENABLE_STRICT_OBJC_MSGSEND = YES;
				ENABLE_TESTABILITY = YES;
				GCC_C_LANGUAGE_STANDARD = gnu99;
				GCC_DYNAMIC_NO_PIC = NO;
				GCC_NO_COMMON_BLOCKS = YES;
				GCC_OPTIMIZATION_LEVEL = 0;
				GCC_PREPROCESSOR_DEFINITIONS = (
					"DEBUG=1",
					"$(inherited)",
				);
				GCC_WARN_64_TO_32_BIT_CONVERSION = YES;
				GCC_WARN_ABOUT_RETURN_TYPE = YES_ERROR;
				GCC_WARN_UNDECLARED_SELECTOR = YES;
				GCC_WARN_UNINITIALIZED_AUTOS = YES_AGGRESSIVE;
				GCC_WARN_UNUSED_FUNCTION = YES;
				GCC_WARN_UNUSED_VARIABLE = YES;
				IPHONEOS_DEPLOYMENT_TARGET = 10.3;
				MTL_ENABLE_DEBUG_INFO = YES;
				ONLY_ACTIVE_ARCH = YES;
				SDKROOT = iphoneos;
				SWIFT_ACTIVE_COMPILATION_CONDITIONS = DEBUG;
				SWIFT_OPTIMIZATION_LEVEL = "-Onone";
				TARGETED_DEVICE_FAMILY = "1,2";
			};
			name = Debug;
		};
		18728B7B1F5002BE00FCE359 /* Release */ = {
			isa = XCBuildConfiguration;
			buildSettings = {
				ALWAYS_SEARCH_USER_PATHS = NO;
				CLANG_ANALYZER_NONNULL = YES;
				CLANG_ANALYZER_NUMBER_OBJECT_CONVERSION = YES_AGGRESSIVE;
				CLANG_CXX_LANGUAGE_STANDARD = "gnu++0x";
				CLANG_CXX_LIBRARY = "libc++";
				CLANG_ENABLE_MODULES = YES;
				CLANG_ENABLE_OBJC_ARC = YES;
				CLANG_WARN_BOOL_CONVERSION = YES;
				CLANG_WARN_CONSTANT_CONVERSION = YES;
				CLANG_WARN_DIRECT_OBJC_ISA_USAGE = YES_ERROR;
				CLANG_WARN_DOCUMENTATION_COMMENTS = YES;
				CLANG_WARN_EMPTY_BODY = YES;
				CLANG_WARN_ENUM_CONVERSION = YES;
				CLANG_WARN_INFINITE_RECURSION = YES;
				CLANG_WARN_INT_CONVERSION = YES;
				CLANG_WARN_OBJC_ROOT_CLASS = YES_ERROR;
				CLANG_WARN_SUSPICIOUS_MOVE = YES;
				CLANG_WARN_UNREACHABLE_CODE = YES;
				CLANG_WARN__DUPLICATE_METHOD_MATCH = YES;
				"CODE_SIGN_IDENTITY[sdk=iphoneos*]" = "iPhone Developer";
				COPY_PHASE_STRIP = NO;
				DEBUG_INFORMATION_FORMAT = "dwarf-with-dsym";
				ENABLE_NS_ASSERTIONS = NO;
				ENABLE_STRICT_OBJC_MSGSEND = YES;
				GCC_C_LANGUAGE_STANDARD = gnu99;
				GCC_NO_COMMON_BLOCKS = YES;
				GCC_WARN_64_TO_32_BIT_CONVERSION = YES;
				GCC_WARN_ABOUT_RETURN_TYPE = YES_ERROR;
				GCC_WARN_UNDECLARED_SELECTOR = YES;
				GCC_WARN_UNINITIALIZED_AUTOS = YES_AGGRESSIVE;
				GCC_WARN_UNUSED_FUNCTION = YES;
				GCC_WARN_UNUSED_VARIABLE = YES;
				IPHONEOS_DEPLOYMENT_TARGET = 10.3;
				MTL_ENABLE_DEBUG_INFO = NO;
				SDKROOT = iphoneos;
				SWIFT_OPTIMIZATION_LEVEL = "-Owholemodule";
				TARGETED_DEVICE_FAMILY = "1,2";
				VALIDATE_PRODUCT = YES;
			};
			name = Release;
		};
		18728B7D1F5002BE00FCE359 /* Debug */ = {
			isa = XCBuildConfiguration;
			buildSettings = {
				ASSETCATALOG_COMPILER_APPICON_NAME = AppIcon;
				INFOPLIST_FILE = Component/Info.plist;
				LD_RUNPATH_SEARCH_PATHS = "$(inherited) @executable_path/Frameworks";
				PRODUCT_BUNDLE_IDENTIFIER = com.yingtao.Component;
				PRODUCT_NAME = "$(TARGET_NAME)";
				SWIFT_VERSION = 3.0;
			};
			name = Debug;
		};
		18728B7E1F5002BE00FCE359 /* Release */ = {
			isa = XCBuildConfiguration;
			buildSettings = {
				ASSETCATALOG_COMPILER_APPICON_NAME = AppIcon;
				INFOPLIST_FILE = Component/Info.plist;
				LD_RUNPATH_SEARCH_PATHS = "$(inherited) @executable_path/Frameworks";
				PRODUCT_BUNDLE_IDENTIFIER = com.yingtao.Component;
				PRODUCT_NAME = "$(TARGET_NAME)";
				SWIFT_VERSION = 3.0;
			};
			name = Release;
		};
/* End XCBuildConfiguration section */

/* Begin XCConfigurationList section */
		18728B651F5002BE00FCE359 /* Build configuration list for PBXProject "Component" */ = {
			isa = XCConfigurationList;
			buildConfigurations = (
				18728B7A1F5002BE00FCE359 /* Debug */,
				18728B7B1F5002BE00FCE359 /* Release */,
			);
			defaultConfigurationIsVisible = 0;
			defaultConfigurationName = Release;
		};
		18728B7C1F5002BE00FCE359 /* Build configuration list for PBXNativeTarget "Component" */ = {
			isa = XCConfigurationList;
			buildConfigurations = (
				18728B7D1F5002BE00FCE359 /* Debug */,
				18728B7E1F5002BE00FCE359 /* Release */,
			);
			defaultConfigurationIsVisible = 0;
			defaultConfigurationName = Release;
		};
/* End XCConfigurationList section */
	};
	rootObject = 18728B621F5002BE00FCE359 /* Project object */;
}
