// !$*UTF8*$!
{
	archiveVersion = 1;
	classes = {
	};
	objectVersion = 46;
	objects = {

/* Begin PBXBuildFile section */
		18DBE1D51F54FFC800B6C7C3 /* AppDelegate.swift in Sources */ = {isa = PBXBuildFile; fileRef = 18DBE1D41F54FFC800B6C7C3 /* AppDelegate.swift */; };
		18DBE1D71F54FFC800B6C7C3 /* ViewController.swift in Sources */ = {isa = PBXBuildFile; fileRef = 18DBE1D61F54FFC800B6C7C3 /* ViewController.swift */; };
		18DBE1DA1F54FFC800B6C7C3 /* Main.storyboard in Resources */ = {isa = PBXBuildFile; fileRef = 18DBE1D81F54FFC800B6C7C3 /* Main.storyboard */; };
		18DBE1DC1F54FFC800B6C7C3 /* Assets.xcassets in Resources */ = {isa = PBXBuildFile; fileRef = 18DBE1DB1F54FFC800B6C7C3 /* Assets.xcassets */; };
		18DBE1DF1F54FFC800B6C7C3 /* LaunchScreen.storyboard in Resources */ = {isa = PBXBuildFile; fileRef = 18DBE1DD1F54FFC800B6C7C3 /* LaunchScreen.storyboard */; };
		18DBE1ED1F5500AC00B6C7C3 /* OrderProtocol.swift in Sources */ = {isa = PBXBuildFile; fileRef = 18DBE1EC1F5500AC00B6C7C3 /* OrderProtocol.swift */; };
		18DBE1EF1F55023300B6C7C3 /* Implementor.swift in Sources */ = {isa = PBXBuildFile; fileRef = 18DBE1EE1F55023300B6C7C3 /* Implementor.swift */; };
		18DBE1F11F55029600B6C7C3 /* Abstraction.swift in Sources */ = {isa = PBXBuildFile; fileRef = 18DBE1F01F55029600B6C7C3 /* Abstraction.swift */; };
		18DBE1F31F55030100B6C7C3 /* ConcreteImplementorA.swift in Sources */ = {isa = PBXBuildFile; fileRef = 18DBE1F21F55030100B6C7C3 /* ConcreteImplementorA.swift */; };
		18DBE1F51F55033A00B6C7C3 /* ConcreteImplementorB.swift in Sources */ = {isa = PBXBuildFile; fileRef = 18DBE1F41F55033A00B6C7C3 /* ConcreteImplementorB.swift */; };
		18DBE1F71F55037000B6C7C3 /* RefineAbstraction.swift in Sources */ = {isa = PBXBuildFile; fileRef = 18DBE1F61F55037000B6C7C3 /* RefineAbstraction.swift */; };
		18DBE1F91F5504D500B6C7C3 /* OrangeJuiceAdditives.swift in Sources */ = {isa = PBXBuildFile; fileRef = 18DBE1F81F5504D500B6C7C3 /* OrangeJuiceAdditives.swift */; };
		18DBE1FB1F55052D00B6C7C3 /* OrangeJuice.swift in Sources */ = {isa = PBXBuildFile; fileRef = 18DBE1FA1F55052D00B6C7C3 /* OrangeJuice.swift */; };
		18DBE1FD1F5505B000B6C7C3 /* AddIce.swift in Sources */ = {isa = PBXBuildFile; fileRef = 18DBE1FC1F5505B000B6C7C3 /* AddIce.swift */; };
		18DBE1FF1F5505D500B6C7C3 /* NoneIce.swift in Sources */ = {isa = PBXBuildFile; fileRef = 18DBE1FE1F5505D500B6C7C3 /* NoneIce.swift */; };
		18DBE2011F5505F600B6C7C3 /* LargeOrangeJuice.swift in Sources */ = {isa = PBXBuildFile; fileRef = 18DBE2001F5505F600B6C7C3 /* LargeOrangeJuice.swift */; };
		18DBE2031F55068000B6C7C3 /* MiddleOrangeJuice.swift in Sources */ = {isa = PBXBuildFile; fileRef = 18DBE2021F55068000B6C7C3 /* MiddleOrangeJuice.swift */; };
		18DBE2051F5506AD00B6C7C3 /* SmailOrangeJuice.swift in Sources */ = {isa = PBXBuildFile; fileRef = 18DBE2041F5506AD00B6C7C3 /* SmailOrangeJuice.swift */; };
		18DBE2071F550B2100B6C7C3 /* ProgressView.swift in Sources */ = {isa = PBXBuildFile; fileRef = 18DBE2061F550B2100B6C7C3 /* ProgressView.swift */; };
		18DBE2091F550E6F00B6C7C3 /* ProgressView_4.swift in Sources */ = {isa = PBXBuildFile; fileRef = 18DBE2081F550E6F00B6C7C3 /* ProgressView_4.swift */; };
		18DBE20B1F550E9500B6C7C3 /* BaseProgress.swift in Sources */ = {isa = PBXBuildFile; fileRef = 18DBE20A1F550E9500B6C7C3 /* BaseProgress.swift */; };
		18DBE20D1F5512B200B6C7C3 /* HorizontalProgress.swift in Sources */ = {isa = PBXBuildFile; fileRef = 18DBE20C1F5512B200B6C7C3 /* HorizontalProgress.swift */; };
		18DBE20F1F55139B00B6C7C3 /* VerticalProgress.swift in Sources */ = {isa = PBXBuildFile; fileRef = 18DBE20E1F55139B00B6C7C3 /* VerticalProgress.swift */; };
/* End PBXBuildFile section */

/* Begin PBXFileReference section */
		18DBE1D11F54FFC800B6C7C3 /* Birdge.app */ = {isa = PBXFileReference; explicitFileType = wrapper.application; includeInIndex = 0; path = Birdge.app; sourceTree = BUILT_PRODUCTS_DIR; };
		18DBE1D41F54FFC800B6C7C3 /* AppDelegate.swift */ = {isa = PBXFileReference; lastKnownFileType = sourcecode.swift; path = AppDelegate.swift; sourceTree = "<group>"; };
		18DBE1D61F54FFC800B6C7C3 /* ViewController.swift */ = {isa = PBXFileReference; lastKnownFileType = sourcecode.swift; path = ViewController.swift; sourceTree = "<group>"; };
		18DBE1D91F54FFC800B6C7C3 /* Base */ = {isa = PBXFileReference; lastKnownFileType = file.storyboard; name = Base; path = Base.lproj/Main.storyboard; sourceTree = "<group>"; };
		18DBE1DB1F54FFC800B6C7C3 /* Assets.xcassets */ = {isa = PBXFileReference; lastKnownFileType = folder.assetcatalog; path = Assets.xcassets; sourceTree = "<group>"; };
		18DBE1DE1F54FFC800B6C7C3 /* Base */ = {isa = PBXFileReference; lastKnownFileType = file.storyboard; name = Base; path = Base.lproj/LaunchScreen.storyboard; sourceTree = "<group>"; };
		18DBE1E01F54FFC800B6C7C3 /* Info.plist */ = {isa = PBXFileReference; lastKnownFileType = text.plist.xml; path = Info.plist; sourceTree = "<group>"; };
		18DBE1EC1F5500AC00B6C7C3 /* OrderProtocol.swift */ = {isa = PBXFileReference; fileEncoding = 4; lastKnownFileType = sourcecode.swift; path = OrderProtocol.swift; sourceTree = "<group>"; };
		18DBE1EE1F55023300B6C7C3 /* Implementor.swift */ = {isa = PBXFileReference; fileEncoding = 4; lastKnownFileType = sourcecode.swift; path = Implementor.swift; sourceTree = "<group>"; };
		18DBE1F01F55029600B6C7C3 /* Abstraction.swift */ = {isa = PBXFileReference; fileEncoding = 4; lastKnownFileType = sourcecode.swift; path = Abstraction.swift; sourceTree = "<group>"; };
		18DBE1F21F55030100B6C7C3 /* ConcreteImplementorA.swift */ = {isa = PBXFileReference; fileEncoding = 4; lastKnownFileType = sourcecode.swift; path = ConcreteImplementorA.swift; sourceTree = "<group>"; };
		18DBE1F41F55033A00B6C7C3 /* ConcreteImplementorB.swift */ = {isa = PBXFileReference; fileEncoding = 4; lastKnownFileType = sourcecode.swift; path = ConcreteImplementorB.swift; sourceTree = "<group>"; };
		18DBE1F61F55037000B6C7C3 /* RefineAbstraction.swift */ = {isa = PBXFileReference; fileEncoding = 4; lastKnownFileType = sourcecode.swift; path = RefineAbstraction.swift; sourceTree = "<group>"; };
		18DBE1F81F5504D500B6C7C3 /* OrangeJuiceAdditives.swift */ = {isa = PBXFileReference; fileEncoding = 4; lastKnownFileType = sourcecode.swift; path = OrangeJuiceAdditives.swift; sourceTree = "<group>"; };
		18DBE1FA1F55052D00B6C7C3 /* OrangeJuice.swift */ = {isa = PBXFileReference; fileEncoding = 4; lastKnownFileType = sourcecode.swift; path = OrangeJuice.swift; sourceTree = "<group>"; };
		18DBE1FC1F5505B000B6C7C3 /* AddIce.swift */ = {isa = PBXFileReference; fileEncoding = 4; lastKnownFileType = sourcecode.swift; path = AddIce.swift; sourceTree = "<group>"; };
		18DBE1FE1F5505D500B6C7C3 /* NoneIce.swift */ = {isa = PBXFileReference; fileEncoding = 4; lastKnownFileType = sourcecode.swift; path = NoneIce.swift; sourceTree = "<group>"; };
		18DBE2001F5505F600B6C7C3 /* LargeOrangeJuice.swift */ = {isa = PBXFileReference; fileEncoding = 4; lastKnownFileType = sourcecode.swift; path = LargeOrangeJuice.swift; sourceTree = "<group>"; };
		18DBE2021F55068000B6C7C3 /* MiddleOrangeJuice.swift */ = {isa = PBXFileReference; fileEncoding = 4; lastKnownFileType = sourcecode.swift; path = MiddleOrangeJuice.swift; sourceTree = "<group>"; };
		18DBE2041F5506AD00B6C7C3 /* SmailOrangeJuice.swift */ = {isa = PBXFileReference; fileEncoding = 4; lastKnownFileType = sourcecode.swift; path = SmailOrangeJuice.swift; sourceTree = "<group>"; };
		18DBE2061F550B2100B6C7C3 /* ProgressView.swift */ = {isa = PBXFileReference; fileEncoding = 4; lastKnownFileType = sourcecode.swift; path = ProgressView.swift; sourceTree = "<group>"; };
		18DBE2081F550E6F00B6C7C3 /* ProgressView_4.swift */ = {isa = PBXFileReference; fileEncoding = 4; lastKnownFileType = sourcecode.swift; path = ProgressView_4.swift; sourceTree = "<group>"; };
		18DBE20A1F550E9500B6C7C3 /* BaseProgress.swift */ = {isa = PBXFileReference; fileEncoding = 4; lastKnownFileType = sourcecode.swift; path = BaseProgress.swift; sourceTree = "<group>"; };
		18DBE20C1F5512B200B6C7C3 /* HorizontalProgress.swift */ = {isa = PBXFileReference; fileEncoding = 4; lastKnownFileType = sourcecode.swift; path = HorizontalProgress.swift; sourceTree = "<group>"; };
		18DBE20E1F55139B00B6C7C3 /* VerticalProgress.swift */ = {isa = PBXFileReference; fileEncoding = 4; lastKnownFileType = sourcecode.swift; path = VerticalProgress.swift; sourceTree = "<group>"; };
/* End PBXFileReference section */

/* Begin PBXFrameworksBuildPhase section */
		18DBE1CE1F54FFC800B6C7C3 /* Frameworks */ = {
			isa = PBXFrameworksBuildPhase;
			buildActionMask = 2147483647;
			files = (
			);
			runOnlyForDeploymentPostprocessing = 0;
		};
/* End PBXFrameworksBuildPhase section */

/* Begin PBXGroup section */
		18DBE1C81F54FFC800B6C7C3 = {
			isa = PBXGroup;
			children = (
				18DBE1D31F54FFC800B6C7C3 /* Birdge */,
				18DBE1D21F54FFC800B6C7C3 /* Products */,
			);
			sourceTree = "<group>";
		};
		18DBE1D21F54FFC800B6C7C3 /* Products */ = {
			isa = PBXGroup;
			children = (
				18DBE1D11F54FFC800B6C7C3 /* Birdge.app */,
			);
			name = Products;
			sourceTree = "<group>";
		};
		18DBE1D31F54FFC800B6C7C3 /* Birdge */ = {
			isa = PBXGroup;
			children = (
				18DBE1E61F55008000B6C7C3 /* Bridge */,
				18DBE1D41F54FFC800B6C7C3 /* AppDelegate.swift */,
				18DBE1D61F54FFC800B6C7C3 /* ViewController.swift */,
				18DBE1D81F54FFC800B6C7C3 /* Main.storyboard */,
				18DBE1DB1F54FFC800B6C7C3 /* Assets.xcassets */,
				18DBE1DD1F54FFC800B6C7C3 /* LaunchScreen.storyboard */,
				18DBE1E01F54FFC800B6C7C3 /* Info.plist */,
			);
			path = Birdge;
			sourceTree = "<group>";
		};
		18DBE1E61F55008000B6C7C3 /* Bridge */ = {
			isa = PBXGroup;
			children = (
				18DBE1E71F55008000B6C7C3 /* Simple_1_原理案例 */,
				18DBE1E81F55008000B6C7C3 /* Simple_2_生活案例 */,
				18DBE1E91F55008000B6C7C3 /* Simple_3_普通代码 */,
				18DBE1EA1F55008000B6C7C3 /* Simple_4_优化代码 */,
				18DBE1EB1F55008000B6C7C3 /* 接口和抽象类 */,
			);
			path = Bridge;
			sourceTree = "<group>";
		};
		18DBE1E71F55008000B6C7C3 /* Simple_1_原理案例 */ = {
			isa = PBXGroup;
			children = (
				18DBE1EE1F55023300B6C7C3 /* Implementor.swift */,
				18DBE1F01F55029600B6C7C3 /* Abstraction.swift */,
				18DBE1F21F55030100B6C7C3 /* ConcreteImplementorA.swift */,
				18DBE1F41F55033A00B6C7C3 /* ConcreteImplementorB.swift */,
				18DBE1F61F55037000B6C7C3 /* RefineAbstraction.swift */,
			);
			path = "Simple_1_原理案例";
			sourceTree = "<group>";
		};
		18DBE1E81F55008000B6C7C3 /* Simple_2_生活案例 */ = {
			isa = PBXGroup;
			children = (
				18DBE1F81F5504D500B6C7C3 /* OrangeJuiceAdditives.swift */,
				18DBE1FA1F55052D00B6C7C3 /* OrangeJuice.swift */,
				18DBE1FC1F5505B000B6C7C3 /* AddIce.swift */,
				18DBE1FE1F5505D500B6C7C3 /* NoneIce.swift */,
				18DBE2001F5505F600B6C7C3 /* LargeOrangeJuice.swift */,
				18DBE2021F55068000B6C7C3 /* MiddleOrangeJuice.swift */,
				18DBE2041F5506AD00B6C7C3 /* SmailOrangeJuice.swift */,
			);
			path = "Simple_2_生活案例";
			sourceTree = "<group>";
		};
		18DBE1E91F55008000B6C7C3 /* Simple_3_普通代码 */ = {
			isa = PBXGroup;
			children = (
				18DBE2061F550B2100B6C7C3 /* ProgressView.swift */,
			);
			path = "Simple_3_普通代码";
			sourceTree = "<group>";
		};
		18DBE1EA1F55008000B6C7C3 /* Simple_4_优化代码 */ = {
			isa = PBXGroup;
			children = (
				18DBE2081F550E6F00B6C7C3 /* ProgressView_4.swift */,
				18DBE20A1F550E9500B6C7C3 /* BaseProgress.swift */,
				18DBE20C1F5512B200B6C7C3 /* HorizontalProgress.swift */,
				18DBE20E1F55139B00B6C7C3 /* VerticalProgress.swift */,
			);
			path = "Simple_4_优化代码";
			sourceTree = "<group>";
		};
		18DBE1EB1F55008000B6C7C3 /* 接口和抽象类 */ = {
			isa = PBXGroup;
			children = (
				18DBE1EC1F5500AC00B6C7C3 /* OrderProtocol.swift */,
			);
			path = "接口和抽象类";
			sourceTree = "<group>";
		};
/* End PBXGroup section */

/* Begin PBXNativeTarget section */
		18DBE1D01F54FFC800B6C7C3 /* Birdge */ = {
			isa = PBXNativeTarget;
			buildConfigurationList = 18DBE1E31F54FFC800B6C7C3 /* Build configuration list for PBXNativeTarget "Birdge" */;
			buildPhases = (
				18DBE1CD1F54FFC800B6C7C3 /* Sources */,
				18DBE1CE1F54FFC800B6C7C3 /* Frameworks */,
				18DBE1CF1F54FFC800B6C7C3 /* Resources */,
			);
			buildRules = (
			);
			dependencies = (
			);
			name = Birdge;
			productName = Birdge;
			productReference = 18DBE1D11F54FFC800B6C7C3 /* Birdge.app */;
			productType = "com.apple.product-type.application";
		};
/* End PBXNativeTarget section */

/* Begin PBXProject section */
		18DBE1C91F54FFC800B6C7C3 /* Project object */ = {
			isa = PBXProject;
			attributes = {
				LastSwiftUpdateCheck = 0830;
				LastUpgradeCheck = 0830;
				ORGANIZATIONNAME = apple;
				TargetAttributes = {
					18DBE1D01F54FFC800B6C7C3 = {
						CreatedOnToolsVersion = 8.3.1;
						ProvisioningStyle = Automatic;
					};
				};
			};
			buildConfigurationList = 18DBE1CC1F54FFC800B6C7C3 /* Build configuration list for PBXProject "Birdge" */;
			compatibilityVersion = "Xcode 3.2";
			developmentRegion = English;
			hasScannedForEncodings = 0;
			knownRegions = (
				en,
				Base,
			);
			mainGroup = 18DBE1C81F54FFC800B6C7C3;
			productRefGroup = 18DBE1D21F54FFC800B6C7C3 /* Products */;
			projectDirPath = "";
			projectRoot = "";
			targets = (
				18DBE1D01F54FFC800B6C7C3 /* Birdge */,
			);
		};
/* End PBXProject section */

/* Begin PBXResourcesBuildPhase section */
		18DBE1CF1F54FFC800B6C7C3 /* Resources */ = {
			isa = PBXResourcesBuildPhase;
			buildActionMask = 2147483647;
			files = (
				18DBE1DF1F54FFC800B6C7C3 /* LaunchScreen.storyboard in Resources */,
				18DBE1DC1F54FFC800B6C7C3 /* Assets.xcassets in Resources */,
				18DBE1DA1F54FFC800B6C7C3 /* Main.storyboard in Resources */,
			);
			runOnlyForDeploymentPostprocessing = 0;
		};
/* End PBXResourcesBuildPhase section */

/* Begin PBXSourcesBuildPhase section */
		18DBE1CD1F54FFC800B6C7C3 /* Sources */ = {
			isa = PBXSourcesBuildPhase;
			buildActionMask = 2147483647;
			files = (
				18DBE20D1F5512B200B6C7C3 /* HorizontalProgress.swift in Sources */,
				18DBE2091F550E6F00B6C7C3 /* ProgressView_4.swift in Sources */,
				18DBE1EF1F55023300B6C7C3 /* Implementor.swift in Sources */,
				18DBE2011F5505F600B6C7C3 /* LargeOrangeJuice.swift in Sources */,
				18DBE20F1F55139B00B6C7C3 /* VerticalProgress.swift in Sources */,
				18DBE1FF1F5505D500B6C7C3 /* NoneIce.swift in Sources */,
				18DBE2051F5506AD00B6C7C3 /* SmailOrangeJuice.swift in Sources */,
				18DBE2031F55068000B6C7C3 /* MiddleOrangeJuice.swift in Sources */,
				18DBE1F51F55033A00B6C7C3 /* ConcreteImplementorB.swift in Sources */,
				18DBE20B1F550E9500B6C7C3 /* BaseProgress.swift in Sources */,
				18DBE1F31F55030100B6C7C3 /* ConcreteImplementorA.swift in Sources */,
				18DBE1D71F54FFC800B6C7C3 /* ViewController.swift in Sources */,
				18DBE1FD1F5505B000B6C7C3 /* AddIce.swift in Sources */,
				18DBE1D51F54FFC800B6C7C3 /* AppDelegate.swift in Sources */,
				18DBE1F71F55037000B6C7C3 /* RefineAbstraction.swift in Sources */,
				18DBE1FB1F55052D00B6C7C3 /* OrangeJuice.swift in Sources */,
				18DBE1ED1F5500AC00B6C7C3 /* OrderProtocol.swift in Sources */,
				18DBE2071F550B2100B6C7C3 /* ProgressView.swift in Sources */,
				18DBE1F11F55029600B6C7C3 /* Abstraction.swift in Sources */,
				18DBE1F91F5504D500B6C7C3 /* OrangeJuiceAdditives.swift in Sources */,
			);
			runOnlyForDeploymentPostprocessing = 0;
		};
/* End PBXSourcesBuildPhase section */

/* Begin PBXVariantGroup section */
		18DBE1D81F54FFC800B6C7C3 /* Main.storyboard */ = {
			isa = PBXVariantGroup;
			children = (
				18DBE1D91F54FFC800B6C7C3 /* Base */,
			);
			name = Main.storyboard;
			sourceTree = "<group>";
		};
		18DBE1DD1F54FFC800B6C7C3 /* LaunchScreen.storyboard */ = {
			isa = PBXVariantGroup;
			children = (
				18DBE1DE1F54FFC800B6C7C3 /* Base */,
			);
			name = LaunchScreen.storyboard;
			sourceTree = "<group>";
		};
/* End PBXVariantGroup section */

/* Begin XCBuildConfiguration section */
		18DBE1E11F54FFC800B6C7C3 /* Debug */ = {
			isa = XCBuildConfiguration;
			buildSettings = {
				ALWAYS_SEARCH_USER_PATHS = NO;
				CLANG_ANALYZER_NONNULL = YES;
				CLANG_ANALYZER_NUMBER_OBJECT_CONVERSION = YES_AGGRESSIVE;
				CLANG_CXX_LANGUAGE_STANDARD = "gnu++0x";
				CLANG_CXX_LIBRARY = "libc++";
				CLANG_ENABLE_MODULES = YES;
				CLANG_ENABLE_OBJC_ARC = YES;
				CLANG_WARN_BOOL_CONVERSION = YES;
				CLANG_WARN_CONSTANT_CONVERSION = YES;
				CLANG_WARN_DIRECT_OBJC_ISA_USAGE = YES_ERROR;
				CLANG_WARN_DOCUMENTATION_COMMENTS = YES;
				CLANG_WARN_EMPTY_BODY = YES;
				CLANG_WARN_ENUM_CONVERSION = YES;
				CLANG_WARN_INFINITE_RECURSION = YES;
				CLANG_WARN_INT_CONVERSION = YES;
				CLANG_WARN_OBJC_ROOT_CLASS = YES_ERROR;
				CLANG_WARN_SUSPICIOUS_MOVE = YES;
				CLANG_WARN_UNREACHABLE_CODE = YES;
				CLANG_WARN__DUPLICATE_METHOD_MATCH = YES;
				"CODE_SIGN_IDENTITY[sdk=iphoneos*]" = "iPhone Developer";
				COPY_PHASE_STRIP = NO;
				DEBUG_INFORMATION_FORMAT = dwarf;
				ENABLE_STRICT_OBJC_MSGSEND = YES;
				ENABLE_TESTABILITY = YES;
				GCC_C_LANGUAGE_STANDARD = gnu99;
				GCC_DYNAMIC_NO_PIC = NO;
				GCC_NO_COMMON_BLOCKS = YES;
				GCC_OPTIMIZATION_LEVEL = 0;
				GCC_PREPROCESSOR_DEFINITIONS = (
					"DEBUG=1",
					"$(inherited)",
				);
				GCC_WARN_64_TO_32_BIT_CONVERSION = YES;
				GCC_WARN_ABOUT_RETURN_TYPE = YES_ERROR;
				GCC_WARN_UNDECLARED_SELECTOR = YES;
				GCC_WARN_UNINITIALIZED_AUTOS = YES_AGGRESSIVE;
				GCC_WARN_UNUSED_FUNCTION = YES;
				GCC_WARN_UNUSED_VARIABLE = YES;
				IPHONEOS_DEPLOYMENT_TARGET = 10.3;
				MTL_ENABLE_DEBUG_INFO = YES;
				ONLY_ACTIVE_ARCH = YES;
				SDKROOT = iphoneos;
				SWIFT_ACTIVE_COMPILATION_CONDITIONS = DEBUG;
				SWIFT_OPTIMIZATION_LEVEL = "-Onone";
				TARGETED_DEVICE_FAMILY = "1,2";
			};
			name = Debug;
		};
		18DBE1E21F54FFC800B6C7C3 /* Release */ = {
			isa = XCBuildConfiguration;
			buildSettings = {
				ALWAYS_SEARCH_USER_PATHS = NO;
				CLANG_ANALYZER_NONNULL = YES;
				CLANG_ANALYZER_NUMBER_OBJECT_CONVERSION = YES_AGGRESSIVE;
				CLANG_CXX_LANGUAGE_STANDARD = "gnu++0x";
				CLANG_CXX_LIBRARY = "libc++";
				CLANG_ENABLE_MODULES = YES;
				CLANG_ENABLE_OBJC_ARC = YES;
				CLANG_WARN_BOOL_CONVERSION = YES;
				CLANG_WARN_CONSTANT_CONVERSION = YES;
				CLANG_WARN_DIRECT_OBJC_ISA_USAGE = YES_ERROR;
				CLANG_WARN_DOCUMENTATION_COMMENTS = YES;
				CLANG_WARN_EMPTY_BODY = YES;
				CLANG_WARN_ENUM_CONVERSION = YES;
				CLANG_WARN_INFINITE_RECURSION = YES;
				CLANG_WARN_INT_CONVERSION = YES;
				CLANG_WARN_OBJC_ROOT_CLASS = YES_ERROR;
				CLANG_WARN_SUSPICIOUS_MOVE = YES;
				CLANG_WARN_UNREACHABLE_CODE = YES;
				CLANG_WARN__DUPLICATE_METHOD_MATCH = YES;
				"CODE_SIGN_IDENTITY[sdk=iphoneos*]" = "iPhone Developer";
				COPY_PHASE_STRIP = NO;
				DEBUG_INFORMATION_FORMAT = "dwarf-with-dsym";
				ENABLE_NS_ASSERTIONS = NO;
				ENABLE_STRICT_OBJC_MSGSEND = YES;
				GCC_C_LANGUAGE_STANDARD = gnu99;
				GCC_NO_COMMON_BLOCKS = YES;
				GCC_WARN_64_TO_32_BIT_CONVERSION = YES;
				GCC_WARN_ABOUT_RETURN_TYPE = YES_ERROR;
				GCC_WARN_UNDECLARED_SELECTOR = YES;
				GCC_WARN_UNINITIALIZED_AUTOS = YES_AGGRESSIVE;
				GCC_WARN_UNUSED_FUNCTION = YES;
				GCC_WARN_UNUSED_VARIABLE = YES;
				IPHONEOS_DEPLOYMENT_TARGET = 10.3;
				MTL_ENABLE_DEBUG_INFO = NO;
				SDKROOT = iphoneos;
				SWIFT_OPTIMIZATION_LEVEL = "-Owholemodule";
				TARGETED_DEVICE_FAMILY = "1,2";
				VALIDATE_PRODUCT = YES;
			};
			name = Release;
		};
		18DBE1E41F54FFC800B6C7C3 /* Debug */ = {
			isa = XCBuildConfiguration;
			buildSettings = {
				ASSETCATALOG_COMPILER_APPICON_NAME = AppIcon;
				INFOPLIST_FILE = Birdge/Info.plist;
				LD_RUNPATH_SEARCH_PATHS = "$(inherited) @executable_path/Frameworks";
				PRODUCT_BUNDLE_IDENTIFIER = com.yingtao.Birdge;
				PRODUCT_NAME = "$(TARGET_NAME)";
				SWIFT_VERSION = 3.0;
			};
			name = Debug;
		};
		18DBE1E51F54FFC800B6C7C3 /* Release */ = {
			isa = XCBuildConfiguration;
			buildSettings = {
				ASSETCATALOG_COMPILER_APPICON_NAME = AppIcon;
				INFOPLIST_FILE = Birdge/Info.plist;
				LD_RUNPATH_SEARCH_PATHS = "$(inherited) @executable_path/Frameworks";
				PRODUCT_BUNDLE_IDENTIFIER = com.yingtao.Birdge;
				PRODUCT_NAME = "$(TARGET_NAME)";
				SWIFT_VERSION = 3.0;
			};
			name = Release;
		};
/* End XCBuildConfiguration section */

/* Begin XCConfigurationList section */
		18DBE1CC1F54FFC800B6C7C3 /* Build configuration list for PBXProject "Birdge" */ = {
			isa = XCConfigurationList;
			buildConfigurations = (
				18DBE1E11F54FFC800B6C7C3 /* Debug */,
				18DBE1E21F54FFC800B6C7C3 /* Release */,
			);
			defaultConfigurationIsVisible = 0;
			defaultConfigurationName = Release;
		};
		18DBE1E31F54FFC800B6C7C3 /* Build configuration list for PBXNativeTarget "Birdge" */ = {
			isa = XCConfigurationList;
			buildConfigurations = (
				18DBE1E41F54FFC800B6C7C3 /* Debug */,
				18DBE1E51F54FFC800B6C7C3 /* Release */,
			);
			defaultConfigurationIsVisible = 0;
		};
/* End XCConfigurationList section */
	};
	rootObject = 18DBE1C91F54FFC800B6C7C3 /* Project object */;
}
