// !$*UTF8*$!
{
	archiveVersion = 1;
	classes = {
	};
	objectVersion = 46;
	objects = {

/* Begin PBXBuildFile section */
		18DBE1991F53BBA900B6C7C3 /* AppDelegate.swift in Sources */ = {isa = PBXBuildFile; fileRef = 18DBE1981F53BBA900B6C7C3 /* AppDelegate.swift */; };
		18DBE19B1F53BBA900B6C7C3 /* ViewController.swift in Sources */ = {isa = PBXBuildFile; fileRef = 18DBE19A1F53BBA900B6C7C3 /* ViewController.swift */; };
		18DBE19E1F53BBA900B6C7C3 /* Main.storyboard in Resources */ = {isa = PBXBuildFile; fileRef = 18DBE19C1F53BBA900B6C7C3 /* Main.storyboard */; };
		18DBE1A01F53BBA900B6C7C3 /* Assets.xcassets in Resources */ = {isa = PBXBuildFile; fileRef = 18DBE19F1F53BBA900B6C7C3 /* Assets.xcassets */; };
		18DBE1A31F53BBA900B6C7C3 /* LaunchScreen.storyboard in Resources */ = {isa = PBXBuildFile; fileRef = 18DBE1A11F53BBA900B6C7C3 /* LaunchScreen.storyboard */; };
/* End PBXBuildFile section */

/* Begin PBXFileReference section */
		18DBE1951F53BBA900B6C7C3 /* Resolver.app */ = {isa = PBXFileReference; explicitFileType = wrapper.application; includeInIndex = 0; path = Resolver.app; sourceTree = BUILT_PRODUCTS_DIR; };
		18DBE1981F53BBA900B6C7C3 /* AppDelegate.swift */ = {isa = PBXFileReference; lastKnownFileType = sourcecode.swift; path = AppDelegate.swift; sourceTree = "<group>"; };
		18DBE19A1F53BBA900B6C7C3 /* ViewController.swift */ = {isa = PBXFileReference; lastKnownFileType = sourcecode.swift; path = ViewController.swift; sourceTree = "<group>"; };
		18DBE19D1F53BBA900B6C7C3 /* Base */ = {isa = PBXFileReference; lastKnownFileType = file.storyboard; name = Base; path = Base.lproj/Main.storyboard; sourceTree = "<group>"; };
		18DBE19F1F53BBA900B6C7C3 /* Assets.xcassets */ = {isa = PBXFileReference; lastKnownFileType = folder.assetcatalog; path = Assets.xcassets; sourceTree = "<group>"; };
		18DBE1A21F53BBA900B6C7C3 /* Base */ = {isa = PBXFileReference; lastKnownFileType = file.storyboard; name = Base; path = Base.lproj/LaunchScreen.storyboard; sourceTree = "<group>"; };
		18DBE1A41F53BBA900B6C7C3 /* Info.plist */ = {isa = PBXFileReference; lastKnownFileType = text.plist.xml; path = Info.plist; sourceTree = "<group>"; };
/* End PBXFileReference section */

/* Begin PBXFrameworksBuildPhase section */
		18DBE1921F53BBA900B6C7C3 /* Frameworks */ = {
			isa = PBXFrameworksBuildPhase;
			buildActionMask = 2147483647;
			files = (
			);
			runOnlyForDeploymentPostprocessing = 0;
		};
/* End PBXFrameworksBuildPhase section */

/* Begin PBXGroup section */
		18DBE18C1F53BBA900B6C7C3 = {
			isa = PBXGroup;
			children = (
				18DBE1971F53BBA900B6C7C3 /* Resolver */,
				18DBE1961F53BBA900B6C7C3 /* Products */,
			);
			sourceTree = "<group>";
		};
		18DBE1961F53BBA900B6C7C3 /* Products */ = {
			isa = PBXGroup;
			children = (
				18DBE1951F53BBA900B6C7C3 /* Resolver.app */,
			);
			name = Products;
			sourceTree = "<group>";
		};
		18DBE1971F53BBA900B6C7C3 /* Resolver */ = {
			isa = PBXGroup;
			children = (
				18DBE1981F53BBA900B6C7C3 /* AppDelegate.swift */,
				18DBE19A1F53BBA900B6C7C3 /* ViewController.swift */,
				18DBE19C1F53BBA900B6C7C3 /* Main.storyboard */,
				18DBE19F1F53BBA900B6C7C3 /* Assets.xcassets */,
				18DBE1A11F53BBA900B6C7C3 /* LaunchScreen.storyboard */,
				18DBE1A41F53BBA900B6C7C3 /* Info.plist */,
			);
			path = Resolver;
			sourceTree = "<group>";
		};
/* End PBXGroup section */

/* Begin PBXNativeTarget section */
		18DBE1941F53BBA900B6C7C3 /* Resolver */ = {
			isa = PBXNativeTarget;
			buildConfigurationList = 18DBE1A71F53BBA900B6C7C3 /* Build configuration list for PBXNativeTarget "Resolver" */;
			buildPhases = (
				18DBE1911F53BBA900B6C7C3 /* Sources */,
				18DBE1921F53BBA900B6C7C3 /* Frameworks */,
				18DBE1931F53BBA900B6C7C3 /* Resources */,
			);
			buildRules = (
			);
			dependencies = (
			);
			name = Resolver;
			productName = Resolver;
			productReference = 18DBE1951F53BBA900B6C7C3 /* Resolver.app */;
			productType = "com.apple.product-type.application";
		};
/* End PBXNativeTarget section */

/* Begin PBXProject section */
		18DBE18D1F53BBA900B6C7C3 /* Project object */ = {
			isa = PBXProject;
			attributes = {
				LastSwiftUpdateCheck = 0830;
				LastUpgradeCheck = 0830;
				ORGANIZATIONNAME = apple;
				TargetAttributes = {
					18DBE1941F53BBA900B6C7C3 = {
						CreatedOnToolsVersion = 8.3.1;
						ProvisioningStyle = Automatic;
					};
				};
			};
			buildConfigurationList = 18DBE1901F53BBA900B6C7C3 /* Build configuration list for PBXProject "Resolver" */;
			compatibilityVersion = "Xcode 3.2";
			developmentRegion = English;
			hasScannedForEncodings = 0;
			knownRegions = (
				en,
				Base,
			);
			mainGroup = 18DBE18C1F53BBA900B6C7C3;
			productRefGroup = 18DBE1961F53BBA900B6C7C3 /* Products */;
			projectDirPath = "";
			projectRoot = "";
			targets = (
				18DBE1941F53BBA900B6C7C3 /* Resolver */,
			);
		};
/* End PBXProject section */

/* Begin PBXResourcesBuildPhase section */
		18DBE1931F53BBA900B6C7C3 /* Resources */ = {
			isa = PBXResourcesBuildPhase;
			buildActionMask = 2147483647;
			files = (
				18DBE1A31F53BBA900B6C7C3 /* LaunchScreen.storyboard in Resources */,
				18DBE1A01F53BBA900B6C7C3 /* Assets.xcassets in Resources */,
				18DBE19E1F53BBA900B6C7C3 /* Main.storyboard in Resources */,
			);
			runOnlyForDeploymentPostprocessing = 0;
		};
/* End PBXResourcesBuildPhase section */

/* Begin PBXSourcesBuildPhase section */
		18DBE1911F53BBA900B6C7C3 /* Sources */ = {
			isa = PBXSourcesBuildPhase;
			buildActionMask = 2147483647;
			files = (
				18DBE19B1F53BBA900B6C7C3 /* ViewController.swift in Sources */,
				18DBE1991F53BBA900B6C7C3 /* AppDelegate.swift in Sources */,
			);
			runOnlyForDeploymentPostprocessing = 0;
		};
/* End PBXSourcesBuildPhase section */

/* Begin PBXVariantGroup section */
		18DBE19C1F53BBA900B6C7C3 /* Main.storyboard */ = {
			isa = PBXVariantGroup;
			children = (
				18DBE19D1F53BBA900B6C7C3 /* Base */,
			);
			name = Main.storyboard;
			sourceTree = "<group>";
		};
		18DBE1A11F53BBA900B6C7C3 /* LaunchScreen.storyboard */ = {
			isa = PBXVariantGroup;
			children = (
				18DBE1A21F53BBA900B6C7C3 /* Base */,
			);
			name = LaunchScreen.storyboard;
			sourceTree = "<group>";
		};
/* End PBXVariantGroup section */

/* Begin XCBuildConfiguration section */
		18DBE1A51F53BBA900B6C7C3 /* Debug */ = {
			isa = XCBuildConfiguration;
			buildSettings = {
				ALWAYS_SEARCH_USER_PATHS = NO;
				CLANG_ANALYZER_NONNULL = YES;
				CLANG_ANALYZER_NUMBER_OBJECT_CONVERSION = YES_AGGRESSIVE;
				CLANG_CXX_LANGUAGE_STANDARD = "gnu++0x";
				CLANG_CXX_LIBRARY = "libc++";
				CLANG_ENABLE_MODULES = YES;
				CLANG_ENABLE_OBJC_ARC = YES;
				CLANG_WARN_BOOL_CONVERSION = YES;
				CLANG_WARN_CONSTANT_CONVERSION = YES;
				CLANG_WARN_DIRECT_OBJC_ISA_USAGE = YES_ERROR;
				CLANG_WARN_DOCUMENTATION_COMMENTS = YES;
				CLANG_WARN_EMPTY_BODY = YES;
				CLANG_WARN_ENUM_CONVERSION = YES;
				CLANG_WARN_INFINITE_RECURSION = YES;
				CLANG_WARN_INT_CONVERSION = YES;
				CLANG_WARN_OBJC_ROOT_CLASS = YES_ERROR;
				CLANG_WARN_SUSPICIOUS_MOVE = YES;
				CLANG_WARN_UNREACHABLE_CODE = YES;
				CLANG_WARN__DUPLICATE_METHOD_MATCH = YES;
				"CODE_SIGN_IDENTITY[sdk=iphoneos*]" = "iPhone Developer";
				COPY_PHASE_STRIP = NO;
				DEBUG_INFORMATION_FORMAT = dwarf;
				ENABLE_STRICT_OBJC_MSGSEND = YES;
				ENABLE_TESTABILITY = YES;
				GCC_C_LANGUAGE_STANDARD = gnu99;
				GCC_DYNAMIC_NO_PIC = NO;
				GCC_NO_COMMON_BLOCKS = YES;
				GCC_OPTIMIZATION_LEVEL = 0;
				GCC_PREPROCESSOR_DEFINITIONS = (
					"DEBUG=1",
					"$(inherited)",
				);
				GCC_WARN_64_TO_32_BIT_CONVERSION = YES;
				GCC_WARN_ABOUT_RETURN_TYPE = YES_ERROR;
				GCC_WARN_UNDECLARED_SELECTOR = YES;
				GCC_WARN_UNINITIALIZED_AUTOS = YES_AGGRESSIVE;
				GCC_WARN_UNUSED_FUNCTION = YES;
				GCC_WARN_UNUSED_VARIABLE = YES;
				IPHONEOS_DEPLOYMENT_TARGET = 10.3;
				MTL_ENABLE_DEBUG_INFO = YES;
				ONLY_ACTIVE_ARCH = YES;
				SDKROOT = iphoneos;
				SWIFT_ACTIVE_COMPILATION_CONDITIONS = DEBUG;
				SWIFT_OPTIMIZATION_LEVEL = "-Onone";
				TARGETED_DEVICE_FAMILY = "1,2";
			};
			name = Debug;
		};
		18DBE1A61F53BBA900B6C7C3 /* Release */ = {
			isa = XCBuildConfiguration;
			buildSettings = {
				ALWAYS_SEARCH_USER_PATHS = NO;
				CLANG_ANALYZER_NONNULL = YES;
				CLANG_ANALYZER_NUMBER_OBJECT_CONVERSION = YES_AGGRESSIVE;
				CLANG_CXX_LANGUAGE_STANDARD = "gnu++0x";
				CLANG_CXX_LIBRARY = "libc++";
				CLANG_ENABLE_MODULES = YES;
				CLANG_ENABLE_OBJC_ARC = YES;
				CLANG_WARN_BOOL_CONVERSION = YES;
				CLANG_WARN_CONSTANT_CONVERSION = YES;
				CLANG_WARN_DIRECT_OBJC_ISA_USAGE = YES_ERROR;
				CLANG_WARN_DOCUMENTATION_COMMENTS = YES;
				CLANG_WARN_EMPTY_BODY = YES;
				CLANG_WARN_ENUM_CONVERSION = YES;
				CLANG_WARN_INFINITE_RECURSION = YES;
				CLANG_WARN_INT_CONVERSION = YES;
				CLANG_WARN_OBJC_ROOT_CLASS = YES_ERROR;
				CLANG_WARN_SUSPICIOUS_MOVE = YES;
				CLANG_WARN_UNREACHABLE_CODE = YES;
				CLANG_WARN__DUPLICATE_METHOD_MATCH = YES;
				"CODE_SIGN_IDENTITY[sdk=iphoneos*]" = "iPhone Developer";
				COPY_PHASE_STRIP = NO;
				DEBUG_INFORMATION_FORMAT = "dwarf-with-dsym";
				ENABLE_NS_ASSERTIONS = NO;
				ENABLE_STRICT_OBJC_MSGSEND = YES;
				GCC_C_LANGUAGE_STANDARD = gnu99;
				GCC_NO_COMMON_BLOCKS = YES;
				GCC_WARN_64_TO_32_BIT_CONVERSION = YES;
				GCC_WARN_ABOUT_RETURN_TYPE = YES_ERROR;
				GCC_WARN_UNDECLARED_SELECTOR = YES;
				GCC_WARN_UNINITIALIZED_AUTOS = YES_AGGRESSIVE;
				GCC_WARN_UNUSED_FUNCTION = YES;
				GCC_WARN_UNUSED_VARIABLE = YES;
				IPHONEOS_DEPLOYMENT_TARGET = 10.3;
				MTL_ENABLE_DEBUG_INFO = NO;
				SDKROOT = iphoneos;
				SWIFT_OPTIMIZATION_LEVEL = "-Owholemodule";
				TARGETED_DEVICE_FAMILY = "1,2";
				VALIDATE_PRODUCT = YES;
			};
			name = Release;
		};
		18DBE1A81F53BBA900B6C7C3 /* Debug */ = {
			isa = XCBuildConfiguration;
			buildSettings = {
				ASSETCATALOG_COMPILER_APPICON_NAME = AppIcon;
				INFOPLIST_FILE = Resolver/Info.plist;
				LD_RUNPATH_SEARCH_PATHS = "$(inherited) @executable_path/Frameworks";
				PRODUCT_BUNDLE_IDENTIFIER = com.yingtao.Resolver;
				PRODUCT_NAME = "$(TARGET_NAME)";
				SWIFT_VERSION = 3.0;
			};
			name = Debug;
		};
		18DBE1A91F53BBA900B6C7C3 /* Release */ = {
			isa = XCBuildConfiguration;
			buildSettings = {
				ASSETCATALOG_COMPILER_APPICON_NAME = AppIcon;
				INFOPLIST_FILE = Resolver/Info.plist;
				LD_RUNPATH_SEARCH_PATHS = "$(inherited) @executable_path/Frameworks";
				PRODUCT_BUNDLE_IDENTIFIER = com.yingtao.Resolver;
				PRODUCT_NAME = "$(TARGET_NAME)";
				SWIFT_VERSION = 3.0;
			};
			name = Release;
		};
/* End XCBuildConfiguration section */

/* Begin XCConfigurationList section */
		18DBE1901F53BBA900B6C7C3 /* Build configuration list for PBXProject "Resolver" */ = {
			isa = XCConfigurationList;
			buildConfigurations = (
				18DBE1A51F53BBA900B6C7C3 /* Debug */,
				18DBE1A61F53BBA900B6C7C3 /* Release */,
			);
			defaultConfigurationIsVisible = 0;
			defaultConfigurationName = Release;
		};
		18DBE1A71F53BBA900B6C7C3 /* Build configuration list for PBXNativeTarget "Resolver" */ = {
			isa = XCConfigurationList;
			buildConfigurations = (
				18DBE1A81F53BBA900B6C7C3 /* Debug */,
				18DBE1A91F53BBA900B6C7C3 /* Release */,
			);
			defaultConfigurationIsVisible = 0;
		};
/* End XCConfigurationList section */
	};
	rootObject = 18DBE18D1F53BBA900B6C7C3 /* Project object */;
}
