// !$*UTF8*$!
{
	archiveVersion = 1;
	classes = {
	};
	objectVersion = 46;
	objects = {

/* Begin PBXBuildFile section */
		18CC690F1F4C239600555058 /* AppDelegate.swift in Sources */ = {isa = PBXBuildFile; fileRef = 18CC690E1F4C239600555058 /* AppDelegate.swift */; };
		18CC69111F4C239600555058 /* ViewController.swift in Sources */ = {isa = PBXBuildFile; fileRef = 18CC69101F4C239600555058 /* ViewController.swift */; };
		18CC69141F4C239600555058 /* Main.storyboard in Resources */ = {isa = PBXBuildFile; fileRef = 18CC69121F4C239600555058 /* Main.storyboard */; };
		18CC69161F4C239600555058 /* Assets.xcassets in Resources */ = {isa = PBXBuildFile; fileRef = 18CC69151F4C239600555058 /* Assets.xcassets */; };
		18CC69191F4C239600555058 /* LaunchScreen.storyboard in Resources */ = {isa = PBXBuildFile; fileRef = 18CC69171F4C239600555058 /* LaunchScreen.storyboard */; };
		18CC69251F4C249600555058 /* Handler.swift in Sources */ = {isa = PBXBuildFile; fileRef = 18CC69241F4C249600555058 /* Handler.swift */; };
		18CC69271F4C24F700555058 /* ConcreteHandler1.swift in Sources */ = {isa = PBXBuildFile; fileRef = 18CC69261F4C24F700555058 /* ConcreteHandler1.swift */; };
		18CC69291F4C256B00555058 /* ConcreteHandler2.swift in Sources */ = {isa = PBXBuildFile; fileRef = 18CC69281F4C256B00555058 /* ConcreteHandler2.swift */; };
		18CC692B1F4C25B200555058 /* ConcreteHandler3.swift in Sources */ = {isa = PBXBuildFile; fileRef = 18CC692A1F4C25B200555058 /* ConcreteHandler3.swift */; };
/* End PBXBuildFile section */

/* Begin PBXFileReference section */
		18CC690B1F4C239600555058 /* ChainOfResponsibility.app */ = {isa = PBXFileReference; explicitFileType = wrapper.application; includeInIndex = 0; path = ChainOfResponsibility.app; sourceTree = BUILT_PRODUCTS_DIR; };
		18CC690E1F4C239600555058 /* AppDelegate.swift */ = {isa = PBXFileReference; lastKnownFileType = sourcecode.swift; path = AppDelegate.swift; sourceTree = "<group>"; };
		18CC69101F4C239600555058 /* ViewController.swift */ = {isa = PBXFileReference; lastKnownFileType = sourcecode.swift; path = ViewController.swift; sourceTree = "<group>"; };
		18CC69131F4C239600555058 /* Base */ = {isa = PBXFileReference; lastKnownFileType = file.storyboard; name = Base; path = Base.lproj/Main.storyboard; sourceTree = "<group>"; };
		18CC69151F4C239600555058 /* Assets.xcassets */ = {isa = PBXFileReference; lastKnownFileType = folder.assetcatalog; path = Assets.xcassets; sourceTree = "<group>"; };
		18CC69181F4C239600555058 /* Base */ = {isa = PBXFileReference; lastKnownFileType = file.storyboard; name = Base; path = Base.lproj/LaunchScreen.storyboard; sourceTree = "<group>"; };
		18CC691A1F4C239600555058 /* Info.plist */ = {isa = PBXFileReference; lastKnownFileType = text.plist.xml; path = Info.plist; sourceTree = "<group>"; };
		18CC69241F4C249600555058 /* Handler.swift */ = {isa = PBXFileReference; fileEncoding = 4; lastKnownFileType = sourcecode.swift; path = Handler.swift; sourceTree = "<group>"; };
		18CC69261F4C24F700555058 /* ConcreteHandler1.swift */ = {isa = PBXFileReference; fileEncoding = 4; lastKnownFileType = sourcecode.swift; path = ConcreteHandler1.swift; sourceTree = "<group>"; };
		18CC69281F4C256B00555058 /* ConcreteHandler2.swift */ = {isa = PBXFileReference; fileEncoding = 4; lastKnownFileType = sourcecode.swift; path = ConcreteHandler2.swift; sourceTree = "<group>"; };
		18CC692A1F4C25B200555058 /* ConcreteHandler3.swift */ = {isa = PBXFileReference; fileEncoding = 4; lastKnownFileType = sourcecode.swift; path = ConcreteHandler3.swift; sourceTree = "<group>"; };
/* End PBXFileReference section */

/* Begin PBXFrameworksBuildPhase section */
		18CC69081F4C239600555058 /* Frameworks */ = {
			isa = PBXFrameworksBuildPhase;
			buildActionMask = 2147483647;
			files = (
			);
			runOnlyForDeploymentPostprocessing = 0;
		};
/* End PBXFrameworksBuildPhase section */

/* Begin PBXGroup section */
		18CC69021F4C239600555058 = {
			isa = PBXGroup;
			children = (
				18CC690D1F4C239600555058 /* ChainOfResponsibility */,
				18CC690C1F4C239600555058 /* Products */,
			);
			sourceTree = "<group>";
		};
		18CC690C1F4C239600555058 /* Products */ = {
			isa = PBXGroup;
			children = (
				18CC690B1F4C239600555058 /* ChainOfResponsibility.app */,
			);
			name = Products;
			sourceTree = "<group>";
		};
		18CC690D1F4C239600555058 /* ChainOfResponsibility */ = {
			isa = PBXGroup;
			children = (
				18CC69201F4C23CD00555058 /* ChainOfResponsibility */,
				18CC690E1F4C239600555058 /* AppDelegate.swift */,
				18CC69101F4C239600555058 /* ViewController.swift */,
				18CC69121F4C239600555058 /* Main.storyboard */,
				18CC69151F4C239600555058 /* Assets.xcassets */,
				18CC69171F4C239600555058 /* LaunchScreen.storyboard */,
				18CC691A1F4C239600555058 /* Info.plist */,
			);
			path = ChainOfResponsibility;
			sourceTree = "<group>";
		};
		18CC69201F4C23CD00555058 /* ChainOfResponsibility */ = {
			isa = PBXGroup;
			children = (
				18CC69211F4C23CD00555058 /* Simple1 */,
				18CC69221F4C23CD00555058 /* Simple2 */,
				18CC69231F4C23CD00555058 /* Simple3 */,
			);
			path = ChainOfResponsibility;
			sourceTree = "<group>";
		};
		18CC69211F4C23CD00555058 /* Simple1 */ = {
			isa = PBXGroup;
			children = (
				18CC69241F4C249600555058 /* Handler.swift */,
				18CC69261F4C24F700555058 /* ConcreteHandler1.swift */,
				18CC69281F4C256B00555058 /* ConcreteHandler2.swift */,
				18CC692A1F4C25B200555058 /* ConcreteHandler3.swift */,
			);
			path = Simple1;
			sourceTree = "<group>";
		};
		18CC69221F4C23CD00555058 /* Simple2 */ = {
			isa = PBXGroup;
			children = (
			);
			path = Simple2;
			sourceTree = "<group>";
		};
		18CC69231F4C23CD00555058 /* Simple3 */ = {
			isa = PBXGroup;
			children = (
			);
			path = Simple3;
			sourceTree = "<group>";
		};
/* End PBXGroup section */

/* Begin PBXNativeTarget section */
		18CC690A1F4C239600555058 /* ChainOfResponsibility */ = {
			isa = PBXNativeTarget;
			buildConfigurationList = 18CC691D1F4C239600555058 /* Build configuration list for PBXNativeTarget "ChainOfResponsibility" */;
			buildPhases = (
				18CC69071F4C239600555058 /* Sources */,
				18CC69081F4C239600555058 /* Frameworks */,
				18CC69091F4C239600555058 /* Resources */,
			);
			buildRules = (
			);
			dependencies = (
			);
			name = ChainOfResponsibility;
			productName = ChainOfResponsibility;
			productReference = 18CC690B1F4C239600555058 /* ChainOfResponsibility.app */;
			productType = "com.apple.product-type.application";
		};
/* End PBXNativeTarget section */

/* Begin PBXProject section */
		18CC69031F4C239600555058 /* Project object */ = {
			isa = PBXProject;
			attributes = {
				LastSwiftUpdateCheck = 0830;
				LastUpgradeCheck = 0830;
				ORGANIZATIONNAME = apple;
				TargetAttributes = {
					18CC690A1F4C239600555058 = {
						CreatedOnToolsVersion = 8.3.1;
						ProvisioningStyle = Automatic;
					};
				};
			};
			buildConfigurationList = 18CC69061F4C239600555058 /* Build configuration list for PBXProject "ChainOfResponsibility" */;
			compatibilityVersion = "Xcode 3.2";
			developmentRegion = English;
			hasScannedForEncodings = 0;
			knownRegions = (
				en,
				Base,
			);
			mainGroup = 18CC69021F4C239600555058;
			productRefGroup = 18CC690C1F4C239600555058 /* Products */;
			projectDirPath = "";
			projectRoot = "";
			targets = (
				18CC690A1F4C239600555058 /* ChainOfResponsibility */,
			);
		};
/* End PBXProject section */

/* Begin PBXResourcesBuildPhase section */
		18CC69091F4C239600555058 /* Resources */ = {
			isa = PBXResourcesBuildPhase;
			buildActionMask = 2147483647;
			files = (
				18CC69191F4C239600555058 /* LaunchScreen.storyboard in Resources */,
				18CC69161F4C239600555058 /* Assets.xcassets in Resources */,
				18CC69141F4C239600555058 /* Main.storyboard in Resources */,
			);
			runOnlyForDeploymentPostprocessing = 0;
		};
/* End PBXResourcesBuildPhase section */

/* Begin PBXSourcesBuildPhase section */
		18CC69071F4C239600555058 /* Sources */ = {
			isa = PBXSourcesBuildPhase;
			buildActionMask = 2147483647;
			files = (
				18CC69251F4C249600555058 /* Handler.swift in Sources */,
				18CC69291F4C256B00555058 /* ConcreteHandler2.swift in Sources */,
				18CC69111F4C239600555058 /* ViewController.swift in Sources */,
				18CC690F1F4C239600555058 /* AppDelegate.swift in Sources */,
				18CC69271F4C24F700555058 /* ConcreteHandler1.swift in Sources */,
				18CC692B1F4C25B200555058 /* ConcreteHandler3.swift in Sources */,
			);
			runOnlyForDeploymentPostprocessing = 0;
		};
/* End PBXSourcesBuildPhase section */

/* Begin PBXVariantGroup section */
		18CC69121F4C239600555058 /* Main.storyboard */ = {
			isa = PBXVariantGroup;
			children = (
				18CC69131F4C239600555058 /* Base */,
			);
			name = Main.storyboard;
			sourceTree = "<group>";
		};
		18CC69171F4C239600555058 /* LaunchScreen.storyboard */ = {
			isa = PBXVariantGroup;
			children = (
				18CC69181F4C239600555058 /* Base */,
			);
			name = LaunchScreen.storyboard;
			sourceTree = "<group>";
		};
/* End PBXVariantGroup section */

/* Begin XCBuildConfiguration section */
		18CC691B1F4C239600555058 /* Debug */ = {
			isa = XCBuildConfiguration;
			buildSettings = {
				ALWAYS_SEARCH_USER_PATHS = NO;
				CLANG_ANALYZER_NONNULL = YES;
				CLANG_ANALYZER_NUMBER_OBJECT_CONVERSION = YES_AGGRESSIVE;
				CLANG_CXX_LANGUAGE_STANDARD = "gnu++0x";
				CLANG_CXX_LIBRARY = "libc++";
				CLANG_ENABLE_MODULES = YES;
				CLANG_ENABLE_OBJC_ARC = YES;
				CLANG_WARN_BOOL_CONVERSION = YES;
				CLANG_WARN_CONSTANT_CONVERSION = YES;
				CLANG_WARN_DIRECT_OBJC_ISA_USAGE = YES_ERROR;
				CLANG_WARN_DOCUMENTATION_COMMENTS = YES;
				CLANG_WARN_EMPTY_BODY = YES;
				CLANG_WARN_ENUM_CONVERSION = YES;
				CLANG_WARN_INFINITE_RECURSION = YES;
				CLANG_WARN_INT_CONVERSION = YES;
				CLANG_WARN_OBJC_ROOT_CLASS = YES_ERROR;
				CLANG_WARN_SUSPICIOUS_MOVE = YES;
				CLANG_WARN_UNREACHABLE_CODE = YES;
				CLANG_WARN__DUPLICATE_METHOD_MATCH = YES;
				"CODE_SIGN_IDENTITY[sdk=iphoneos*]" = "iPhone Developer";
				COPY_PHASE_STRIP = NO;
				DEBUG_INFORMATION_FORMAT = dwarf;
				ENABLE_STRICT_OBJC_MSGSEND = YES;
				ENABLE_TESTABILITY = YES;
				GCC_C_LANGUAGE_STANDARD = gnu99;
				GCC_DYNAMIC_NO_PIC = NO;
				GCC_NO_COMMON_BLOCKS = YES;
				GCC_OPTIMIZATION_LEVEL = 0;
				GCC_PREPROCESSOR_DEFINITIONS = (
					"DEBUG=1",
					"$(inherited)",
				);
				GCC_WARN_64_TO_32_BIT_CONVERSION = YES;
				GCC_WARN_ABOUT_RETURN_TYPE = YES_ERROR;
				GCC_WARN_UNDECLARED_SELECTOR = YES;
				GCC_WARN_UNINITIALIZED_AUTOS = YES_AGGRESSIVE;
				GCC_WARN_UNUSED_FUNCTION = YES;
				GCC_WARN_UNUSED_VARIABLE = YES;
				IPHONEOS_DEPLOYMENT_TARGET = 10.3;
				MTL_ENABLE_DEBUG_INFO = YES;
				ONLY_ACTIVE_ARCH = YES;
				SDKROOT = iphoneos;
				SWIFT_ACTIVE_COMPILATION_CONDITIONS = DEBUG;
				SWIFT_OPTIMIZATION_LEVEL = "-Onone";
				TARGETED_DEVICE_FAMILY = "1,2";
			};
			name = Debug;
		};
		18CC691C1F4C239600555058 /* Release */ = {
			isa = XCBuildConfiguration;
			buildSettings = {
				ALWAYS_SEARCH_USER_PATHS = NO;
				CLANG_ANALYZER_NONNULL = YES;
				CLANG_ANALYZER_NUMBER_OBJECT_CONVERSION = YES_AGGRESSIVE;
				CLANG_CXX_LANGUAGE_STANDARD = "gnu++0x";
				CLANG_CXX_LIBRARY = "libc++";
				CLANG_ENABLE_MODULES = YES;
				CLANG_ENABLE_OBJC_ARC = YES;
				CLANG_WARN_BOOL_CONVERSION = YES;
				CLANG_WARN_CONSTANT_CONVERSION = YES;
				CLANG_WARN_DIRECT_OBJC_ISA_USAGE = YES_ERROR;
				CLANG_WARN_DOCUMENTATION_COMMENTS = YES;
				CLANG_WARN_EMPTY_BODY = YES;
				CLANG_WARN_ENUM_CONVERSION = YES;
				CLANG_WARN_INFINITE_RECURSION = YES;
				CLANG_WARN_INT_CONVERSION = YES;
				CLANG_WARN_OBJC_ROOT_CLASS = YES_ERROR;
				CLANG_WARN_SUSPICIOUS_MOVE = YES;
				CLANG_WARN_UNREACHABLE_CODE = YES;
				CLANG_WARN__DUPLICATE_METHOD_MATCH = YES;
				"CODE_SIGN_IDENTITY[sdk=iphoneos*]" = "iPhone Developer";
				COPY_PHASE_STRIP = NO;
				DEBUG_INFORMATION_FORMAT = "dwarf-with-dsym";
				ENABLE_NS_ASSERTIONS = NO;
				ENABLE_STRICT_OBJC_MSGSEND = YES;
				GCC_C_LANGUAGE_STANDARD = gnu99;
				GCC_NO_COMMON_BLOCKS = YES;
				GCC_WARN_64_TO_32_BIT_CONVERSION = YES;
				GCC_WARN_ABOUT_RETURN_TYPE = YES_ERROR;
				GCC_WARN_UNDECLARED_SELECTOR = YES;
				GCC_WARN_UNINITIALIZED_AUTOS = YES_AGGRESSIVE;
				GCC_WARN_UNUSED_FUNCTION = YES;
				GCC_WARN_UNUSED_VARIABLE = YES;
				IPHONEOS_DEPLOYMENT_TARGET = 10.3;
				MTL_ENABLE_DEBUG_INFO = NO;
				SDKROOT = iphoneos;
				SWIFT_OPTIMIZATION_LEVEL = "-Owholemodule";
				TARGETED_DEVICE_FAMILY = "1,2";
				VALIDATE_PRODUCT = YES;
			};
			name = Release;
		};
		18CC691E1F4C239600555058 /* Debug */ = {
			isa = XCBuildConfiguration;
			buildSettings = {
				ASSETCATALOG_COMPILER_APPICON_NAME = AppIcon;
				INFOPLIST_FILE = ChainOfResponsibility/Info.plist;
				LD_RUNPATH_SEARCH_PATHS = "$(inherited) @executable_path/Frameworks";
				PRODUCT_BUNDLE_IDENTIFIER = com.yingtao.ChainOfResponsibility;
				PRODUCT_NAME = "$(TARGET_NAME)";
				SWIFT_VERSION = 3.0;
			};
			name = Debug;
		};
		18CC691F1F4C239600555058 /* Release */ = {
			isa = XCBuildConfiguration;
			buildSettings = {
				ASSETCATALOG_COMPILER_APPICON_NAME = AppIcon;
				INFOPLIST_FILE = ChainOfResponsibility/Info.plist;
				LD_RUNPATH_SEARCH_PATHS = "$(inherited) @executable_path/Frameworks";
				PRODUCT_BUNDLE_IDENTIFIER = com.yingtao.ChainOfResponsibility;
				PRODUCT_NAME = "$(TARGET_NAME)";
				SWIFT_VERSION = 3.0;
			};
			name = Release;
		};
/* End XCBuildConfiguration section */

/* Begin XCConfigurationList section */
		18CC69061F4C239600555058 /* Build configuration list for PBXProject "ChainOfResponsibility" */ = {
			isa = XCConfigurationList;
			buildConfigurations = (
				18CC691B1F4C239600555058 /* Debug */,
				18CC691C1F4C239600555058 /* Release */,
			);
			defaultConfigurationIsVisible = 0;
			defaultConfigurationName = Release;
		};
		18CC691D1F4C239600555058 /* Build configuration list for PBXNativeTarget "ChainOfResponsibility" */ = {
			isa = XCConfigurationList;
			buildConfigurations = (
				18CC691E1F4C239600555058 /* Debug */,
				18CC691F1F4C239600555058 /* Release */,
			);
			defaultConfigurationIsVisible = 0;
		};
/* End XCConfigurationList section */
	};
	rootObject = 18CC69031F4C239600555058 /* Project object */;
}
